// !$*UTF8*$!
{
	archiveVersion = 1;
	classes = {
	};
	objectVersion = 46;
	objects = {

/* Begin PBXBuildFile section */
		03A066C01BCC182000CB3F44 /* InterfaceController.m in Sources */ = {isa = PBXBuildFile; fileRef = 03A066BF1BCC182000CB3F44 /* InterfaceController.m */; };
		03A066C31BCC182000CB3F44 /* NotificationController.m in Sources */ = {isa = PBXBuildFile; fileRef = 03A066C21BCC182000CB3F44 /* NotificationController.m */; };
		03A066C51BCC182000CB3F44 /* Assets.xcassets in Resources */ = {isa = PBXBuildFile; fileRef = 03A066C41BCC182000CB3F44 /* Assets.xcassets */; };
		03A066D01BCC182000CB3F44 /* Interface.storyboard in Resources */ = {isa = PBXBuildFile; fileRef = 03A066CE1BCC182000CB3F44 /* Interface.storyboard */; };
		03A066D21BCC182000CB3F44 /* Assets.xcassets in Resources */ = {isa = PBXBuildFile; fileRef = 03A066D11BCC182000CB3F44 /* Assets.xcassets */; };
		03A066E01BCC186200CB3F44 /* SecondPageController.m in Sources */ = {isa = PBXBuildFile; fileRef = 03A066DF1BCC186200CB3F44 /* SecondPageController.m */; settings = {ASSET_TAGS = (); }; };
		03BF61291BCC1944002FA4BC /* Upgrade WatchKit Extension.appex in Embed App Extensions */ = {isa = PBXBuildFile; fileRef = 03A066BA1BCC182000CB3F44 /* Upgrade WatchKit Extension.appex */; settings = {ATTRIBUTES = (RemoveHeadersOnCopy, ); }; };
		03BF612C1BCC1944002FA4BC /* Upgrade WatchKit App.app in Embed Watch Content */ = {isa = PBXBuildFile; fileRef = 03A066C91BCC182000CB3F44 /* Upgrade WatchKit App.app */; };
		03BF61FB1BCC2240002FA4BC /* single0suffix.png in Resources */ = {isa = PBXBuildFile; fileRef = 03BF61301BCC2107002FA4BC /* single0suffix.png */; settings = {ASSET_TAGS = (); }; };
		03BF61FC1BCC2240002FA4BC /* single100suffix.png in Resources */ = {isa = PBXBuildFile; fileRef = 03BF61311BCC2107002FA4BC /* single100suffix.png */; settings = {ASSET_TAGS = (); }; };
		03BF61FD1BCC2240002FA4BC /* single10suffix.png in Resources */ = {isa = PBXBuildFile; fileRef = 03BF61321BCC2107002FA4BC /* single10suffix.png */; settings = {ASSET_TAGS = (); }; };
		03BF61FE1BCC2240002FA4BC /* single11suffix.png in Resources */ = {isa = PBXBuildFile; fileRef = 03BF61331BCC2107002FA4BC /* single11suffix.png */; settings = {ASSET_TAGS = (); }; };
		03BF61FF1BCC2240002FA4BC /* single12suffix.png in Resources */ = {isa = PBXBuildFile; fileRef = 03BF61341BCC2107002FA4BC /* single12suffix.png */; settings = {ASSET_TAGS = (); }; };
		03BF62001BCC2240002FA4BC /* single13suffix.png in Resources */ = {isa = PBXBuildFile; fileRef = 03BF61351BCC2107002FA4BC /* single13suffix.png */; settings = {ASSET_TAGS = (); }; };
		03BF62011BCC2240002FA4BC /* single14suffix.png in Resources */ = {isa = PBXBuildFile; fileRef = 03BF61361BCC2107002FA4BC /* single14suffix.png */; settings = {ASSET_TAGS = (); }; };
		03BF62021BCC2240002FA4BC /* single15suffix.png in Resources */ = {isa = PBXBuildFile; fileRef = 03BF61371BCC2107002FA4BC /* single15suffix.png */; settings = {ASSET_TAGS = (); }; };
		03BF62031BCC2240002FA4BC /* single16suffix.png in Resources */ = {isa = PBXBuildFile; fileRef = 03BF61381BCC2107002FA4BC /* single16suffix.png */; settings = {ASSET_TAGS = (); }; };
		03BF62041BCC2240002FA4BC /* single17suffix.png in Resources */ = {isa = PBXBuildFile; fileRef = 03BF61391BCC2107002FA4BC /* single17suffix.png */; settings = {ASSET_TAGS = (); }; };
		03BF62051BCC2240002FA4BC /* single18suffix.png in Resources */ = {isa = PBXBuildFile; fileRef = 03BF613A1BCC2107002FA4BC /* single18suffix.png */; settings = {ASSET_TAGS = (); }; };
		03BF62061BCC2240002FA4BC /* single19suffix.png in Resources */ = {isa = PBXBuildFile; fileRef = 03BF613B1BCC2107002FA4BC /* single19suffix.png */; settings = {ASSET_TAGS = (); }; };
		03BF62071BCC2240002FA4BC /* single1suffix.png in Resources */ = {isa = PBXBuildFile; fileRef = 03BF613C1BCC2107002FA4BC /* single1suffix.png */; settings = {ASSET_TAGS = (); }; };
		03BF62081BCC2240002FA4BC /* single20suffix.png in Resources */ = {isa = PBXBuildFile; fileRef = 03BF613D1BCC2107002FA4BC /* single20suffix.png */; settings = {ASSET_TAGS = (); }; };
		03BF62091BCC2240002FA4BC /* single21suffix.png in Resources */ = {isa = PBXBuildFile; fileRef = 03BF613E1BCC2107002FA4BC /* single21suffix.png */; settings = {ASSET_TAGS = (); }; };
		03BF620A1BCC2240002FA4BC /* single22suffix.png in Resources */ = {isa = PBXBuildFile; fileRef = 03BF613F1BCC2107002FA4BC /* single22suffix.png */; settings = {ASSET_TAGS = (); }; };
		03BF620B1BCC2240002FA4BC /* single23suffix.png in Resources */ = {isa = PBXBuildFile; fileRef = 03BF61401BCC2107002FA4BC /* single23suffix.png */; settings = {ASSET_TAGS = (); }; };
		03BF620C1BCC2240002FA4BC /* single24suffix.png in Resources */ = {isa = PBXBuildFile; fileRef = 03BF61411BCC2107002FA4BC /* single24suffix.png */; settings = {ASSET_TAGS = (); }; };
		03BF620D1BCC2240002FA4BC /* single25suffix.png in Resources */ = {isa = PBXBuildFile; fileRef = 03BF61421BCC2107002FA4BC /* single25suffix.png */; settings = {ASSET_TAGS = (); }; };
		03BF620E1BCC2240002FA4BC /* single26suffix.png in Resources */ = {isa = PBXBuildFile; fileRef = 03BF61431BCC2107002FA4BC /* single26suffix.png */; settings = {ASSET_TAGS = (); }; };
		03BF620F1BCC2240002FA4BC /* single27suffix.png in Resources */ = {isa = PBXBuildFile; fileRef = 03BF61441BCC2107002FA4BC /* single27suffix.png */; settings = {ASSET_TAGS = (); }; };
		03BF62101BCC2240002FA4BC /* single28suffix.png in Resources */ = {isa = PBXBuildFile; fileRef = 03BF61451BCC2107002FA4BC /* single28suffix.png */; settings = {ASSET_TAGS = (); }; };
		03BF62111BCC2240002FA4BC /* single29suffix.png in Resources */ = {isa = PBXBuildFile; fileRef = 03BF61461BCC2107002FA4BC /* single29suffix.png */; settings = {ASSET_TAGS = (); }; };
		03BF62121BCC2240002FA4BC /* single2suffix.png in Resources */ = {isa = PBXBuildFile; fileRef = 03BF61471BCC2107002FA4BC /* single2suffix.png */; settings = {ASSET_TAGS = (); }; };
		03BF62131BCC2240002FA4BC /* single30suffix.png in Resources */ = {isa = PBXBuildFile; fileRef = 03BF61481BCC2107002FA4BC /* single30suffix.png */; settings = {ASSET_TAGS = (); }; };
		03BF62141BCC2240002FA4BC /* single31suffix.png in Resources */ = {isa = PBXBuildFile; fileRef = 03BF61491BCC2107002FA4BC /* single31suffix.png */; settings = {ASSET_TAGS = (); }; };
		03BF62151BCC2240002FA4BC /* single32suffix.png in Resources */ = {isa = PBXBuildFile; fileRef = 03BF614A1BCC2107002FA4BC /* single32suffix.png */; settings = {ASSET_TAGS = (); }; };
		03BF62161BCC2240002FA4BC /* single33suffix.png in Resources */ = {isa = PBXBuildFile; fileRef = 03BF614B1BCC2107002FA4BC /* single33suffix.png */; settings = {ASSET_TAGS = (); }; };
		03BF62171BCC2240002FA4BC /* single34suffix.png in Resources */ = {isa = PBXBuildFile; fileRef = 03BF614C1BCC2107002FA4BC /* single34suffix.png */; settings = {ASSET_TAGS = (); }; };
		03BF62181BCC2240002FA4BC /* single35suffix.png in Resources */ = {isa = PBXBuildFile; fileRef = 03BF614D1BCC2107002FA4BC /* single35suffix.png */; settings = {ASSET_TAGS = (); }; };
		03BF62191BCC2240002FA4BC /* single36suffix.png in Resources */ = {isa = PBXBuildFile; fileRef = 03BF614E1BCC2107002FA4BC /* single36suffix.png */; settings = {ASSET_TAGS = (); }; };
		03BF621A1BCC2240002FA4BC /* single37suffix.png in Resources */ = {isa = PBXBuildFile; fileRef = 03BF614F1BCC2107002FA4BC /* single37suffix.png */; settings = {ASSET_TAGS = (); }; };
		03BF621B1BCC2240002FA4BC /* single38suffix.png in Resources */ = {isa = PBXBuildFile; fileRef = 03BF61501BCC2107002FA4BC /* single38suffix.png */; settings = {ASSET_TAGS = (); }; };
		03BF621C1BCC2240002FA4BC /* single39suffix.png in Resources */ = {isa = PBXBuildFile; fileRef = 03BF61511BCC2107002FA4BC /* single39suffix.png */; settings = {ASSET_TAGS = (); }; };
		03BF621D1BCC2240002FA4BC /* single3suffix.png in Resources */ = {isa = PBXBuildFile; fileRef = 03BF61521BCC2107002FA4BC /* single3suffix.png */; settings = {ASSET_TAGS = (); }; };
		03BF621E1BCC2240002FA4BC /* single40suffix.png in Resources */ = {isa = PBXBuildFile; fileRef = 03BF61531BCC2107002FA4BC /* single40suffix.png */; settings = {ASSET_TAGS = (); }; };
		03BF621F1BCC2240002FA4BC /* single41suffix.png in Resources */ = {isa = PBXBuildFile; fileRef = 03BF61541BCC2107002FA4BC /* single41suffix.png */; settings = {ASSET_TAGS = (); }; };
		03BF62201BCC2240002FA4BC /* single42suffix.png in Resources */ = {isa = PBXBuildFile; fileRef = 03BF61551BCC2107002FA4BC /* single42suffix.png */; settings = {ASSET_TAGS = (); }; };
		03BF62211BCC2240002FA4BC /* single43suffix.png in Resources */ = {isa = PBXBuildFile; fileRef = 03BF61561BCC2107002FA4BC /* single43suffix.png */; settings = {ASSET_TAGS = (); }; };
		03BF62221BCC2240002FA4BC /* single44suffix.png in Resources */ = {isa = PBXBuildFile; fileRef = 03BF61571BCC2107002FA4BC /* single44suffix.png */; settings = {ASSET_TAGS = (); }; };
		03BF62231BCC2240002FA4BC /* single45suffix.png in Resources */ = {isa = PBXBuildFile; fileRef = 03BF61581BCC2107002FA4BC /* single45suffix.png */; settings = {ASSET_TAGS = (); }; };
		03BF62241BCC2240002FA4BC /* single46suffix.png in Resources */ = {isa = PBXBuildFile; fileRef = 03BF61591BCC2107002FA4BC /* single46suffix.png */; settings = {ASSET_TAGS = (); }; };
		03BF62251BCC2240002FA4BC /* single47suffix.png in Resources */ = {isa = PBXBuildFile; fileRef = 03BF615A1BCC2107002FA4BC /* single47suffix.png */; settings = {ASSET_TAGS = (); }; };
		03BF62261BCC2240002FA4BC /* single48suffix.png in Resources */ = {isa = PBXBuildFile; fileRef = 03BF615B1BCC2107002FA4BC /* single48suffix.png */; settings = {ASSET_TAGS = (); }; };
		03BF62271BCC2240002FA4BC /* single49suffix.png in Resources */ = {isa = PBXBuildFile; fileRef = 03BF615C1BCC2108002FA4BC /* single49suffix.png */; settings = {ASSET_TAGS = (); }; };
		03BF62281BCC2240002FA4BC /* single4suffix.png in Resources */ = {isa = PBXBuildFile; fileRef = 03BF615D1BCC2108002FA4BC /* single4suffix.png */; settings = {ASSET_TAGS = (); }; };
		03BF62291BCC2240002FA4BC /* single50suffix.png in Resources */ = {isa = PBXBuildFile; fileRef = 03BF615E1BCC2108002FA4BC /* single50suffix.png */; settings = {ASSET_TAGS = (); }; };
		03BF622A1BCC2240002FA4BC /* single51suffix.png in Resources */ = {isa = PBXBuildFile; fileRef = 03BF615F1BCC2108002FA4BC /* single51suffix.png */; settings = {ASSET_TAGS = (); }; };
		03BF622B1BCC2240002FA4BC /* single52suffix.png in Resources */ = {isa = PBXBuildFile; fileRef = 03BF61601BCC2108002FA4BC /* single52suffix.png */; settings = {ASSET_TAGS = (); }; };
		03BF622C1BCC2240002FA4BC /* single53suffix.png in Resources */ = {isa = PBXBuildFile; fileRef = 03BF61611BCC2108002FA4BC /* single53suffix.png */; settings = {ASSET_TAGS = (); }; };
		03BF622D1BCC2240002FA4BC /* single54suffix.png in Resources */ = {isa = PBXBuildFile; fileRef = 03BF61621BCC2108002FA4BC /* single54suffix.png */; settings = {ASSET_TAGS = (); }; };
		03BF622E1BCC2240002FA4BC /* single55suffix.png in Resources */ = {isa = PBXBuildFile; fileRef = 03BF61631BCC2108002FA4BC /* single55suffix.png */; settings = {ASSET_TAGS = (); }; };
		03BF622F1BCC2240002FA4BC /* single56suffix.png in Resources */ = {isa = PBXBuildFile; fileRef = 03BF61641BCC2108002FA4BC /* single56suffix.png */; settings = {ASSET_TAGS = (); }; };
		03BF62301BCC2240002FA4BC /* single57suffix.png in Resources */ = {isa = PBXBuildFile; fileRef = 03BF61651BCC2108002FA4BC /* single57suffix.png */; settings = {ASSET_TAGS = (); }; };
		03BF62311BCC2240002FA4BC /* single58suffix.png in Resources */ = {isa = PBXBuildFile; fileRef = 03BF61661BCC2108002FA4BC /* single58suffix.png */; settings = {ASSET_TAGS = (); }; };
		03BF62321BCC2240002FA4BC /* single59suffix.png in Resources */ = {isa = PBXBuildFile; fileRef = 03BF61671BCC2108002FA4BC /* single59suffix.png */; settings = {ASSET_TAGS = (); }; };
		03BF62331BCC2240002FA4BC /* single5suffix.png in Resources */ = {isa = PBXBuildFile; fileRef = 03BF61681BCC2108002FA4BC /* single5suffix.png */; settings = {ASSET_TAGS = (); }; };
		03BF62341BCC2240002FA4BC /* single60suffix.png in Resources */ = {isa = PBXBuildFile; fileRef = 03BF61691BCC2108002FA4BC /* single60suffix.png */; settings = {ASSET_TAGS = (); }; };
		03BF62351BCC2240002FA4BC /* single61suffix.png in Resources */ = {isa = PBXBuildFile; fileRef = 03BF616A1BCC2108002FA4BC /* single61suffix.png */; settings = {ASSET_TAGS = (); }; };
		03BF62361BCC2240002FA4BC /* single62suffix.png in Resources */ = {isa = PBXBuildFile; fileRef = 03BF616B1BCC2108002FA4BC /* single62suffix.png */; settings = {ASSET_TAGS = (); }; };
		03BF62371BCC2240002FA4BC /* single63suffix.png in Resources */ = {isa = PBXBuildFile; fileRef = 03BF616C1BCC2108002FA4BC /* single63suffix.png */; settings = {ASSET_TAGS = (); }; };
		03BF62381BCC2240002FA4BC /* single64suffix.png in Resources */ = {isa = PBXBuildFile; fileRef = 03BF616D1BCC2108002FA4BC /* single64suffix.png */; settings = {ASSET_TAGS = (); }; };
		03BF62391BCC2240002FA4BC /* single65suffix.png in Resources */ = {isa = PBXBuildFile; fileRef = 03BF616E1BCC2108002FA4BC /* single65suffix.png */; settings = {ASSET_TAGS = (); }; };
		03BF623A1BCC2240002FA4BC /* single66suffix.png in Resources */ = {isa = PBXBuildFile; fileRef = 03BF616F1BCC2108002FA4BC /* single66suffix.png */; settings = {ASSET_TAGS = (); }; };
		03BF623B1BCC2240002FA4BC /* single67suffix.png in Resources */ = {isa = PBXBuildFile; fileRef = 03BF61701BCC2108002FA4BC /* single67suffix.png */; settings = {ASSET_TAGS = (); }; };
		03BF623C1BCC2240002FA4BC /* single68suffix.png in Resources */ = {isa = PBXBuildFile; fileRef = 03BF61711BCC2108002FA4BC /* single68suffix.png */; settings = {ASSET_TAGS = (); }; };
		03BF623D1BCC2240002FA4BC /* single69suffix.png in Resources */ = {isa = PBXBuildFile; fileRef = 03BF61721BCC2108002FA4BC /* single69suffix.png */; settings = {ASSET_TAGS = (); }; };
		03BF623E1BCC2240002FA4BC /* single6suffix.png in Resources */ = {isa = PBXBuildFile; fileRef = 03BF61731BCC2108002FA4BC /* single6suffix.png */; settings = {ASSET_TAGS = (); }; };
		03BF623F1BCC2240002FA4BC /* single70suffix.png in Resources */ = {isa = PBXBuildFile; fileRef = 03BF61741BCC2108002FA4BC /* single70suffix.png */; settings = {ASSET_TAGS = (); }; };
		03BF62401BCC2240002FA4BC /* single71suffix.png in Resources */ = {isa = PBXBuildFile; fileRef = 03BF61751BCC2108002FA4BC /* single71suffix.png */; settings = {ASSET_TAGS = (); }; };
		03BF62411BCC2240002FA4BC /* single72suffix.png in Resources */ = {isa = PBXBuildFile; fileRef = 03BF61761BCC2108002FA4BC /* single72suffix.png */; settings = {ASSET_TAGS = (); }; };
		03BF62421BCC2240002FA4BC /* single73suffix.png in Resources */ = {isa = PBXBuildFile; fileRef = 03BF61771BCC2108002FA4BC /* single73suffix.png */; settings = {ASSET_TAGS = (); }; };
		03BF62431BCC2240002FA4BC /* single74suffix.png in Resources */ = {isa = PBXBuildFile; fileRef = 03BF61781BCC2108002FA4BC /* single74suffix.png */; settings = {ASSET_TAGS = (); }; };
		03BF62441BCC2240002FA4BC /* single75suffix.png in Resources */ = {isa = PBXBuildFile; fileRef = 03BF61791BCC2108002FA4BC /* single75suffix.png */; settings = {ASSET_TAGS = (); }; };
		03BF62451BCC2240002FA4BC /* single76suffix.png in Resources */ = {isa = PBXBuildFile; fileRef = 03BF617A1BCC2108002FA4BC /* single76suffix.png */; settings = {ASSET_TAGS = (); }; };
		03BF62461BCC2240002FA4BC /* single77suffix.png in Resources */ = {isa = PBXBuildFile; fileRef = 03BF617B1BCC2108002FA4BC /* single77suffix.png */; settings = {ASSET_TAGS = (); }; };
		03BF62471BCC2240002FA4BC /* single78suffix.png in Resources */ = {isa = PBXBuildFile; fileRef = 03BF617C1BCC2108002FA4BC /* single78suffix.png */; settings = {ASSET_TAGS = (); }; };
		03BF62481BCC2240002FA4BC /* single79suffix.png in Resources */ = {isa = PBXBuildFile; fileRef = 03BF617D1BCC2108002FA4BC /* single79suffix.png */; settings = {ASSET_TAGS = (); }; };
		03BF62491BCC2240002FA4BC /* single7suffix.png in Resources */ = {isa = PBXBuildFile; fileRef = 03BF617E1BCC2108002FA4BC /* single7suffix.png */; settings = {ASSET_TAGS = (); }; };
		03BF624A1BCC2240002FA4BC /* single80suffix.png in Resources */ = {isa = PBXBuildFile; fileRef = 03BF617F1BCC2108002FA4BC /* single80suffix.png */; settings = {ASSET_TAGS = (); }; };
		03BF624B1BCC2240002FA4BC /* single81suffix.png in Resources */ = {isa = PBXBuildFile; fileRef = 03BF61801BCC2108002FA4BC /* single81suffix.png */; settings = {ASSET_TAGS = (); }; };
		03BF624C1BCC2240002FA4BC /* single82suffix.png in Resources */ = {isa = PBXBuildFile; fileRef = 03BF61811BCC2108002FA4BC /* single82suffix.png */; settings = {ASSET_TAGS = (); }; };
		03BF624D1BCC2240002FA4BC /* single83suffix.png in Resources */ = {isa = PBXBuildFile; fileRef = 03BF61821BCC2108002FA4BC /* single83suffix.png */; settings = {ASSET_TAGS = (); }; };
		03BF624E1BCC2240002FA4BC /* single84suffix.png in Resources */ = {isa = PBXBuildFile; fileRef = 03BF61831BCC2108002FA4BC /* single84suffix.png */; settings = {ASSET_TAGS = (); }; };
		03BF624F1BCC2240002FA4BC /* single85suffix.png in Resources */ = {isa = PBXBuildFile; fileRef = 03BF61841BCC2108002FA4BC /* single85suffix.png */; settings = {ASSET_TAGS = (); }; };
		03BF62501BCC2240002FA4BC /* single86suffix.png in Resources */ = {isa = PBXBuildFile; fileRef = 03BF61851BCC2108002FA4BC /* single86suffix.png */; settings = {ASSET_TAGS = (); }; };
		03BF62511BCC2240002FA4BC /* single87suffix.png in Resources */ = {isa = PBXBuildFile; fileRef = 03BF61861BCC2108002FA4BC /* single87suffix.png */; settings = {ASSET_TAGS = (); }; };
		03BF62521BCC2240002FA4BC /* single88suffix.png in Resources */ = {isa = PBXBuildFile; fileRef = 03BF61871BCC2108002FA4BC /* single88suffix.png */; settings = {ASSET_TAGS = (); }; };
		03BF62531BCC2240002FA4BC /* single89suffix.png in Resources */ = {isa = PBXBuildFile; fileRef = 03BF61881BCC2108002FA4BC /* single89suffix.png */; settings = {ASSET_TAGS = (); }; };
		03BF62541BCC2240002FA4BC /* single8suffix.png in Resources */ = {isa = PBXBuildFile; fileRef = 03BF61891BCC2108002FA4BC /* single8suffix.png */; settings = {ASSET_TAGS = (); }; };
		03BF62551BCC2240002FA4BC /* single90suffix.png in Resources */ = {isa = PBXBuildFile; fileRef = 03BF618A1BCC2108002FA4BC /* single90suffix.png */; settings = {ASSET_TAGS = (); }; };
		03BF62561BCC2240002FA4BC /* single91suffix.png in Resources */ = {isa = PBXBuildFile; fileRef = 03BF618B1BCC2108002FA4BC /* single91suffix.png */; settings = {ASSET_TAGS = (); }; };
		03BF62571BCC2240002FA4BC /* single92suffix.png in Resources */ = {isa = PBXBuildFile; fileRef = 03BF618C1BCC2108002FA4BC /* single92suffix.png */; settings = {ASSET_TAGS = (); }; };
		03BF62581BCC2240002FA4BC /* single93suffix.png in Resources */ = {isa = PBXBuildFile; fileRef = 03BF618D1BCC2108002FA4BC /* single93suffix.png */; settings = {ASSET_TAGS = (); }; };
		03BF62591BCC2240002FA4BC /* single94suffix.png in Resources */ = {isa = PBXBuildFile; fileRef = 03BF618E1BCC2108002FA4BC /* single94suffix.png */; settings = {ASSET_TAGS = (); }; };
		03BF625A1BCC2240002FA4BC /* single95suffix.png in Resources */ = {isa = PBXBuildFile; fileRef = 03BF618F1BCC2108002FA4BC /* single95suffix.png */; settings = {ASSET_TAGS = (); }; };
		03BF625B1BCC2240002FA4BC /* single96suffix.png in Resources */ = {isa = PBXBuildFile; fileRef = 03BF61901BCC2108002FA4BC /* single96suffix.png */; settings = {ASSET_TAGS = (); }; };
		03BF625C1BCC2240002FA4BC /* single97suffix.png in Resources */ = {isa = PBXBuildFile; fileRef = 03BF61911BCC2108002FA4BC /* single97suffix.png */; settings = {ASSET_TAGS = (); }; };
		03BF625D1BCC2240002FA4BC /* single98suffix.png in Resources */ = {isa = PBXBuildFile; fileRef = 03BF61921BCC2108002FA4BC /* single98suffix.png */; settings = {ASSET_TAGS = (); }; };
		03BF625E1BCC2240002FA4BC /* single99suffix.png in Resources */ = {isa = PBXBuildFile; fileRef = 03BF61931BCC2108002FA4BC /* single99suffix.png */; settings = {ASSET_TAGS = (); }; };
		03BF625F1BCC2240002FA4BC /* single9suffix.png in Resources */ = {isa = PBXBuildFile; fileRef = 03BF61941BCC2108002FA4BC /* single9suffix.png */; settings = {ASSET_TAGS = (); }; };
		03D11CF71BCC17F300B9F1B4 /* main.m in Sources */ = {isa = PBXBuildFile; fileRef = 03D11CF61BCC17F300B9F1B4 /* main.m */; };
		03D11CFA1BCC17F300B9F1B4 /* AppDelegate.m in Sources */ = {isa = PBXBuildFile; fileRef = 03D11CF91BCC17F300B9F1B4 /* AppDelegate.m */; };
		03D11CFD1BCC17F300B9F1B4 /* ViewController.m in Sources */ = {isa = PBXBuildFile; fileRef = 03D11CFC1BCC17F300B9F1B4 /* ViewController.m */; };
		03D11D001BCC17F300B9F1B4 /* Main.storyboard in Resources */ = {isa = PBXBuildFile; fileRef = 03D11CFE1BCC17F300B9F1B4 /* Main.storyboard */; };
		03D11D021BCC17F300B9F1B4 /* Assets.xcassets in Resources */ = {isa = PBXBuildFile; fileRef = 03D11D011BCC17F300B9F1B4 /* Assets.xcassets */; };
		03D11D051BCC17F300B9F1B4 /* LaunchScreen.storyboard in Resources */ = {isa = PBXBuildFile; fileRef = 03D11D031BCC17F300B9F1B4 /* LaunchScreen.storyboard */; };
/* End PBXBuildFile section */

/* Begin PBXContainerItemProxy section */
		03BF61271BCC1944002FA4BC /* PBXContainerItemProxy */ = {
			isa = PBXContainerItemProxy;
			containerPortal = 03D11CEA1BCC17F300B9F1B4 /* Project object */;
			proxyType = 1;
			remoteGlobalIDString = 03A066B91BCC182000CB3F44;
			remoteInfo = "Upgrade WatchKit Extension";
		};
		03BF612A1BCC1944002FA4BC /* PBXContainerItemProxy */ = {
			isa = PBXContainerItemProxy;
			containerPortal = 03D11CEA1BCC17F300B9F1B4 /* Project object */;
			proxyType = 1;
			remoteGlobalIDString = 03A066C81BCC182000CB3F44;
			remoteInfo = "Upgrade WatchKit App";
		};
/* End PBXContainerItemProxy section */

/* Begin PBXCopyFilesBuildPhase section */
		03BF612D1BCC1944002FA4BC /* Embed App Extensions */ = {
			isa = PBXCopyFilesBuildPhase;
			buildActionMask = 2147483647;
			dstPath = "";
			dstSubfolderSpec = 13;
			files = (
				03BF61291BCC1944002FA4BC /* Upgrade WatchKit Extension.appex in Embed App Extensions */,
			);
			name = "Embed App Extensions";
			runOnlyForDeploymentPostprocessing = 0;
		};
		03BF612E1BCC1944002FA4BC /* Embed Watch Content */ = {
			isa = PBXCopyFilesBuildPhase;
			buildActionMask = 2147483647;
			dstPath = "$(CONTENTS_FOLDER_PATH)/Watch";
			dstSubfolderSpec = 16;
			files = (
				03BF612C1BCC1944002FA4BC /* Upgrade WatchKit App.app in Embed Watch Content */,
			);
			name = "Embed Watch Content";
			runOnlyForDeploymentPostprocessing = 0;
		};
/* End PBXCopyFilesBuildPhase section */

/* Begin PBXFileReference section */
		03A066BA1BCC182000CB3F44 /* Upgrade WatchKit Extension.appex */ = {isa = PBXFileReference; explicitFileType = "wrapper.app-extension"; includeInIndex = 0; path = "Upgrade WatchKit Extension.appex"; sourceTree = BUILT_PRODUCTS_DIR; };
		03A066BD1BCC182000CB3F44 /* PushNotificationPayload.apns */ = {isa = PBXFileReference; lastKnownFileType = text; path = PushNotificationPayload.apns; sourceTree = "<group>"; };
		03A066BE1BCC182000CB3F44 /* InterfaceController.h */ = {isa = PBXFileReference; lastKnownFileType = sourcecode.c.h; path = InterfaceController.h; sourceTree = "<group>"; };
		03A066BF1BCC182000CB3F44 /* InterfaceController.m */ = {isa = PBXFileReference; lastKnownFileType = sourcecode.c.objc; path = InterfaceController.m; sourceTree = "<group>"; };
		03A066C11BCC182000CB3F44 /* NotificationController.h */ = {isa = PBXFileReference; lastKnownFileType = sourcecode.c.h; path = NotificationController.h; sourceTree = "<group>"; };
		03A066C21BCC182000CB3F44 /* NotificationController.m */ = {isa = PBXFileReference; lastKnownFileType = sourcecode.c.objc; path = NotificationController.m; sourceTree = "<group>"; };
		03A066C41BCC182000CB3F44 /* Assets.xcassets */ = {isa = PBXFileReference; lastKnownFileType = folder.assetcatalog; path = Assets.xcassets; sourceTree = "<group>"; };
		03A066C61BCC182000CB3F44 /* Info.plist */ = {isa = PBXFileReference; lastKnownFileType = text.plist.xml; path = Info.plist; sourceTree = "<group>"; };
		03A066C91BCC182000CB3F44 /* Upgrade WatchKit App.app */ = {isa = PBXFileReference; explicitFileType = wrapper.application; includeInIndex = 0; path = "Upgrade WatchKit App.app"; sourceTree = BUILT_PRODUCTS_DIR; };
		03A066CF1BCC182000CB3F44 /* Base */ = {isa = PBXFileReference; lastKnownFileType = file.storyboard; name = Base; path = Base.lproj/Interface.storyboard; sourceTree = "<group>"; };
		03A066D11BCC182000CB3F44 /* Assets.xcassets */ = {isa = PBXFileReference; lastKnownFileType = folder.assetcatalog; path = Assets.xcassets; sourceTree = "<group>"; };
		03A066D31BCC182000CB3F44 /* Info.plist */ = {isa = PBXFileReference; lastKnownFileType = text.plist.xml; path = Info.plist; sourceTree = "<group>"; };
		03A066DE1BCC186200CB3F44 /* SecondPageController.h */ = {isa = PBXFileReference; fileEncoding = 4; lastKnownFileType = sourcecode.c.h; path = SecondPageController.h; sourceTree = "<group>"; };
		03A066DF1BCC186200CB3F44 /* SecondPageController.m */ = {isa = PBXFileReference; fileEncoding = 4; lastKnownFileType = sourcecode.c.objc; path = SecondPageController.m; sourceTree = "<group>"; };
		03BF61301BCC2107002FA4BC /* single0suffix.png */ = {isa = PBXFileReference; lastKnownFileType = image.png; path = single0suffix.png; sourceTree = "<group>"; };
		03BF61311BCC2107002FA4BC /* single100suffix.png */ = {isa = PBXFileReference; lastKnownFileType = image.png; path = single100suffix.png; sourceTree = "<group>"; };
		03BF61321BCC2107002FA4BC /* single10suffix.png */ = {isa = PBXFileReference; lastKnownFileType = image.png; path = single10suffix.png; sourceTree = "<group>"; };
		03BF61331BCC2107002FA4BC /* single11suffix.png */ = {isa = PBXFileReference; lastKnownFileType = image.png; path = single11suffix.png; sourceTree = "<group>"; };
		03BF61341BCC2107002FA4BC /* single12suffix.png */ = {isa = PBXFileReference; lastKnownFileType = image.png; path = single12suffix.png; sourceTree = "<group>"; };
		03BF61351BCC2107002FA4BC /* single13suffix.png */ = {isa = PBXFileReference; lastKnownFileType = image.png; path = single13suffix.png; sourceTree = "<group>"; };
		03BF61361BCC2107002FA4BC /* single14suffix.png */ = {isa = PBXFileReference; lastKnownFileType = image.png; path = single14suffix.png; sourceTree = "<group>"; };
		03BF61371BCC2107002FA4BC /* single15suffix.png */ = {isa = PBXFileReference; lastKnownFileType = image.png; path = single15suffix.png; sourceTree = "<group>"; };
		03BF61381BCC2107002FA4BC /* single16suffix.png */ = {isa = PBXFileReference; lastKnownFileType = image.png; path = single16suffix.png; sourceTree = "<group>"; };
		03BF61391BCC2107002FA4BC /* single17suffix.png */ = {isa = PBXFileReference; lastKnownFileType = image.png; path = single17suffix.png; sourceTree = "<group>"; };
		03BF613A1BCC2107002FA4BC /* single18suffix.png */ = {isa = PBXFileReference; lastKnownFileType = image.png; path = single18suffix.png; sourceTree = "<group>"; };
		03BF613B1BCC2107002FA4BC /* single19suffix.png */ = {isa = PBXFileReference; lastKnownFileType = image.png; path = single19suffix.png; sourceTree = "<group>"; };
		03BF613C1BCC2107002FA4BC /* single1suffix.png */ = {isa = PBXFileReference; lastKnownFileType = image.png; path = single1suffix.png; sourceTree = "<group>"; };
		03BF613D1BCC2107002FA4BC /* single20suffix.png */ = {isa = PBXFileReference; lastKnownFileType = image.png; path = single20suffix.png; sourceTree = "<group>"; };
		03BF613E1BCC2107002FA4BC /* single21suffix.png */ = {isa = PBXFileReference; lastKnownFileType = image.png; path = single21suffix.png; sourceTree = "<group>"; };
		03BF613F1BCC2107002FA4BC /* single22suffix.png */ = {isa = PBXFileReference; lastKnownFileType = image.png; path = single22suffix.png; sourceTree = "<group>"; };
		03BF61401BCC2107002FA4BC /* single23suffix.png */ = {isa = PBXFileReference; lastKnownFileType = image.png; path = single23suffix.png; sourceTree = "<group>"; };
		03BF61411BCC2107002FA4BC /* single24suffix.png */ = {isa = PBXFileReference; lastKnownFileType = image.png; path = single24suffix.png; sourceTree = "<group>"; };
		03BF61421BCC2107002FA4BC /* single25suffix.png */ = {isa = PBXFileReference; lastKnownFileType = image.png; path = single25suffix.png; sourceTree = "<group>"; };
		03BF61431BCC2107002FA4BC /* single26suffix.png */ = {isa = PBXFileReference; lastKnownFileType = image.png; path = single26suffix.png; sourceTree = "<group>"; };
		03BF61441BCC2107002FA4BC /* single27suffix.png */ = {isa = PBXFileReference; lastKnownFileType = image.png; path = single27suffix.png; sourceTree = "<group>"; };
		03BF61451BCC2107002FA4BC /* single28suffix.png */ = {isa = PBXFileReference; lastKnownFileType = image.png; path = single28suffix.png; sourceTree = "<group>"; };
		03BF61461BCC2107002FA4BC /* single29suffix.png */ = {isa = PBXFileReference; lastKnownFileType = image.png; path = single29suffix.png; sourceTree = "<group>"; };
		03BF61471BCC2107002FA4BC /* single2suffix.png */ = {isa = PBXFileReference; lastKnownFileType = image.png; path = single2suffix.png; sourceTree = "<group>"; };
		03BF61481BCC2107002FA4BC /* single30suffix.png */ = {isa = PBXFileReference; lastKnownFileType = image.png; path = single30suffix.png; sourceTree = "<group>"; };
		03BF61491BCC2107002FA4BC /* single31suffix.png */ = {isa = PBXFileReference; lastKnownFileType = image.png; path = single31suffix.png; sourceTree = "<group>"; };
		03BF614A1BCC2107002FA4BC /* single32suffix.png */ = {isa = PBXFileReference; lastKnownFileType = image.png; path = single32suffix.png; sourceTree = "<group>"; };
		03BF614B1BCC2107002FA4BC /* single33suffix.png */ = {isa = PBXFileReference; lastKnownFileType = image.png; path = single33suffix.png; sourceTree = "<group>"; };
		03BF614C1BCC2107002FA4BC /* single34suffix.png */ = {isa = PBXFileReference; lastKnownFileType = image.png; path = single34suffix.png; sourceTree = "<group>"; };
		03BF614D1BCC2107002FA4BC /* single35suffix.png */ = {isa = PBXFileReference; lastKnownFileType = image.png; path = single35suffix.png; sourceTree = "<group>"; };
		03BF614E1BCC2107002FA4BC /* single36suffix.png */ = {isa = PBXFileReference; lastKnownFileType = image.png; path = single36suffix.png; sourceTree = "<group>"; };
		03BF614F1BCC2107002FA4BC /* single37suffix.png */ = {isa = PBXFileReference; lastKnownFileType = image.png; path = single37suffix.png; sourceTree = "<group>"; };
		03BF61501BCC2107002FA4BC /* single38suffix.png */ = {isa = PBXFileReference; lastKnownFileType = image.png; path = single38suffix.png; sourceTree = "<group>"; };
		03BF61511BCC2107002FA4BC /* single39suffix.png */ = {isa = PBXFileReference; lastKnownFileType = image.png; path = single39suffix.png; sourceTree = "<group>"; };
		03BF61521BCC2107002FA4BC /* single3suffix.png */ = {isa = PBXFileReference; lastKnownFileType = image.png; path = single3suffix.png; sourceTree = "<group>"; };
		03BF61531BCC2107002FA4BC /* single40suffix.png */ = {isa = PBXFileReference; lastKnownFileType = image.png; path = single40suffix.png; sourceTree = "<group>"; };
		03BF61541BCC2107002FA4BC /* single41suffix.png */ = {isa = PBXFileReference; lastKnownFileType = image.png; path = single41suffix.png; sourceTree = "<group>"; };
		03BF61551BCC2107002FA4BC /* single42suffix.png */ = {isa = PBXFileReference; lastKnownFileType = image.png; path = single42suffix.png; sourceTree = "<group>"; };
		03BF61561BCC2107002FA4BC /* single43suffix.png */ = {isa = PBXFileReference; lastKnownFileType = image.png; path = single43suffix.png; sourceTree = "<group>"; };
		03BF61571BCC2107002FA4BC /* single44suffix.png */ = {isa = PBXFileReference; lastKnownFileType = image.png; path = single44suffix.png; sourceTree = "<group>"; };
		03BF61581BCC2107002FA4BC /* single45suffix.png */ = {isa = PBXFileReference; lastKnownFileType = image.png; path = single45suffix.png; sourceTree = "<group>"; };
		03BF61591BCC2107002FA4BC /* single46suffix.png */ = {isa = PBXFileReference; lastKnownFileType = image.png; path = single46suffix.png; sourceTree = "<group>"; };
		03BF615A1BCC2107002FA4BC /* single47suffix.png */ = {isa = PBXFileReference; lastKnownFileType = image.png; path = single47suffix.png; sourceTree = "<group>"; };
		03BF615B1BCC2107002FA4BC /* single48suffix.png */ = {isa = PBXFileReference; lastKnownFileType = image.png; path = single48suffix.png; sourceTree = "<group>"; };
		03BF615C1BCC2108002FA4BC /* single49suffix.png */ = {isa = PBXFileReference; lastKnownFileType = image.png; path = single49suffix.png; sourceTree = "<group>"; };
		03BF615D1BCC2108002FA4BC /* single4suffix.png */ = {isa = PBXFileReference; lastKnownFileType = image.png; path = single4suffix.png; sourceTree = "<group>"; };
		03BF615E1BCC2108002FA4BC /* single50suffix.png */ = {isa = PBXFileReference; lastKnownFileType = image.png; path = single50suffix.png; sourceTree = "<group>"; };
		03BF615F1BCC2108002FA4BC /* single51suffix.png */ = {isa = PBXFileReference; lastKnownFileType = image.png; path = single51suffix.png; sourceTree = "<group>"; };
		03BF61601BCC2108002FA4BC /* single52suffix.png */ = {isa = PBXFileReference; lastKnownFileType = image.png; path = single52suffix.png; sourceTree = "<group>"; };
		03BF61611BCC2108002FA4BC /* single53suffix.png */ = {isa = PBXFileReference; lastKnownFileType = image.png; path = single53suffix.png; sourceTree = "<group>"; };
		03BF61621BCC2108002FA4BC /* single54suffix.png */ = {isa = PBXFileReference; lastKnownFileType = image.png; path = single54suffix.png; sourceTree = "<group>"; };
		03BF61631BCC2108002FA4BC /* single55suffix.png */ = {isa = PBXFileReference; lastKnownFileType = image.png; path = single55suffix.png; sourceTree = "<group>"; };
		03BF61641BCC2108002FA4BC /* single56suffix.png */ = {isa = PBXFileReference; lastKnownFileType = image.png; path = single56suffix.png; sourceTree = "<group>"; };
		03BF61651BCC2108002FA4BC /* single57suffix.png */ = {isa = PBXFileReference; lastKnownFileType = image.png; path = single57suffix.png; sourceTree = "<group>"; };
		03BF61661BCC2108002FA4BC /* single58suffix.png */ = {isa = PBXFileReference; lastKnownFileType = image.png; path = single58suffix.png; sourceTree = "<group>"; };
		03BF61671BCC2108002FA4BC /* single59suffix.png */ = {isa = PBXFileReference; lastKnownFileType = image.png; path = single59suffix.png; sourceTree = "<group>"; };
		03BF61681BCC2108002FA4BC /* single5suffix.png */ = {isa = PBXFileReference; lastKnownFileType = image.png; path = single5suffix.png; sourceTree = "<group>"; };
		03BF61691BCC2108002FA4BC /* single60suffix.png */ = {isa = PBXFileReference; lastKnownFileType = image.png; path = single60suffix.png; sourceTree = "<group>"; };
		03BF616A1BCC2108002FA4BC /* single61suffix.png */ = {isa = PBXFileReference; lastKnownFileType = image.png; path = single61suffix.png; sourceTree = "<group>"; };
		03BF616B1BCC2108002FA4BC /* single62suffix.png */ = {isa = PBXFileReference; lastKnownFileType = image.png; path = single62suffix.png; sourceTree = "<group>"; };
		03BF616C1BCC2108002FA4BC /* single63suffix.png */ = {isa = PBXFileReference; lastKnownFileType = image.png; path = single63suffix.png; sourceTree = "<group>"; };
		03BF616D1BCC2108002FA4BC /* single64suffix.png */ = {isa = PBXFileReference; lastKnownFileType = image.png; path = single64suffix.png; sourceTree = "<group>"; };
		03BF616E1BCC2108002FA4BC /* single65suffix.png */ = {isa = PBXFileReference; lastKnownFileType = image.png; path = single65suffix.png; sourceTree = "<group>"; };
		03BF616F1BCC2108002FA4BC /* single66suffix.png */ = {isa = PBXFileReference; lastKnownFileType = image.png; path = single66suffix.png; sourceTree = "<group>"; };
		03BF61701BCC2108002FA4BC /* single67suffix.png */ = {isa = PBXFileReference; lastKnownFileType = image.png; path = single67suffix.png; sourceTree = "<group>"; };
		03BF61711BCC2108002FA4BC /* single68suffix.png */ = {isa = PBXFileReference; lastKnownFileType = image.png; path = single68suffix.png; sourceTree = "<group>"; };
		03BF61721BCC2108002FA4BC /* single69suffix.png */ = {isa = PBXFileReference; lastKnownFileType = image.png; path = single69suffix.png; sourceTree = "<group>"; };
		03BF61731BCC2108002FA4BC /* single6suffix.png */ = {isa = PBXFileReference; lastKnownFileType = image.png; path = single6suffix.png; sourceTree = "<group>"; };
		03BF61741BCC2108002FA4BC /* single70suffix.png */ = {isa = PBXFileReference; lastKnownFileType = image.png; path = single70suffix.png; sourceTree = "<group>"; };
		03BF61751BCC2108002FA4BC /* single71suffix.png */ = {isa = PBXFileReference; lastKnownFileType = image.png; path = single71suffix.png; sourceTree = "<group>"; };
		03BF61761BCC2108002FA4BC /* single72suffix.png */ = {isa = PBXFileReference; lastKnownFileType = image.png; path = single72suffix.png; sourceTree = "<group>"; };
		03BF61771BCC2108002FA4BC /* single73suffix.png */ = {isa = PBXFileReference; lastKnownFileType = image.png; path = single73suffix.png; sourceTree = "<group>"; };
		03BF61781BCC2108002FA4BC /* single74suffix.png */ = {isa = PBXFileReference; lastKnownFileType = image.png; path = single74suffix.png; sourceTree = "<group>"; };
		03BF61791BCC2108002FA4BC /* single75suffix.png */ = {isa = PBXFileReference; lastKnownFileType = image.png; path = single75suffix.png; sourceTree = "<group>"; };
		03BF617A1BCC2108002FA4BC /* single76suffix.png */ = {isa = PBXFileReference; lastKnownFileType = image.png; path = single76suffix.png; sourceTree = "<group>"; };
		03BF617B1BCC2108002FA4BC /* single77suffix.png */ = {isa = PBXFileReference; lastKnownFileType = image.png; path = single77suffix.png; sourceTree = "<group>"; };
		03BF617C1BCC2108002FA4BC /* single78suffix.png */ = {isa = PBXFileReference; lastKnownFileType = image.png; path = single78suffix.png; sourceTree = "<group>"; };
		03BF617D1BCC2108002FA4BC /* single79suffix.png */ = {isa = PBXFileReference; lastKnownFileType = image.png; path = single79suffix.png; sourceTree = "<group>"; };
		03BF617E1BCC2108002FA4BC /* single7suffix.png */ = {isa = PBXFileReference; lastKnownFileType = image.png; path = single7suffix.png; sourceTree = "<group>"; };
		03BF617F1BCC2108002FA4BC /* single80suffix.png */ = {isa = PBXFileReference; lastKnownFileType = image.png; path = single80suffix.png; sourceTree = "<group>"; };
		03BF61801BCC2108002FA4BC /* single81suffix.png */ = {isa = PBXFileReference; lastKnownFileType = image.png; path = single81suffix.png; sourceTree = "<group>"; };
		03BF61811BCC2108002FA4BC /* single82suffix.png */ = {isa = PBXFileReference; lastKnownFileType = image.png; path = single82suffix.png; sourceTree = "<group>"; };
		03BF61821BCC2108002FA4BC /* single83suffix.png */ = {isa = PBXFileReference; lastKnownFileType = image.png; path = single83suffix.png; sourceTree = "<group>"; };
		03BF61831BCC2108002FA4BC /* single84suffix.png */ = {isa = PBXFileReference; lastKnownFileType = image.png; path = single84suffix.png; sourceTree = "<group>"; };
		03BF61841BCC2108002FA4BC /* single85suffix.png */ = {isa = PBXFileReference; lastKnownFileType = image.png; path = single85suffix.png; sourceTree = "<group>"; };
		03BF61851BCC2108002FA4BC /* single86suffix.png */ = {isa = PBXFileReference; lastKnownFileType = image.png; path = single86suffix.png; sourceTree = "<group>"; };
		03BF61861BCC2108002FA4BC /* single87suffix.png */ = {isa = PBXFileReference; lastKnownFileType = image.png; path = single87suffix.png; sourceTree = "<group>"; };
		03BF61871BCC2108002FA4BC /* single88suffix.png */ = {isa = PBXFileReference; lastKnownFileType = image.png; path = single88suffix.png; sourceTree = "<group>"; };
		03BF61881BCC2108002FA4BC /* single89suffix.png */ = {isa = PBXFileReference; lastKnownFileType = image.png; path = single89suffix.png; sourceTree = "<group>"; };
		03BF61891BCC2108002FA4BC /* single8suffix.png */ = {isa = PBXFileReference; lastKnownFileType = image.png; path = single8suffix.png; sourceTree = "<group>"; };
		03BF618A1BCC2108002FA4BC /* single90suffix.png */ = {isa = PBXFileReference; lastKnownFileType = image.png; path = single90suffix.png; sourceTree = "<group>"; };
		03BF618B1BCC2108002FA4BC /* single91suffix.png */ = {isa = PBXFileReference; lastKnownFileType = image.png; path = single91suffix.png; sourceTree = "<group>"; };
		03BF618C1BCC2108002FA4BC /* single92suffix.png */ = {isa = PBXFileReference; lastKnownFileType = image.png; path = single92suffix.png; sourceTree = "<group>"; };
		03BF618D1BCC2108002FA4BC /* single93suffix.png */ = {isa = PBXFileReference; lastKnownFileType = image.png; path = single93suffix.png; sourceTree = "<group>"; };
		03BF618E1BCC2108002FA4BC /* single94suffix.png */ = {isa = PBXFileReference; lastKnownFileType = image.png; path = single94suffix.png; sourceTree = "<group>"; };
		03BF618F1BCC2108002FA4BC /* single95suffix.png */ = {isa = PBXFileReference; lastKnownFileType = image.png; path = single95suffix.png; sourceTree = "<group>"; };
		03BF61901BCC2108002FA4BC /* single96suffix.png */ = {isa = PBXFileReference; lastKnownFileType = image.png; path = single96suffix.png; sourceTree = "<group>"; };
		03BF61911BCC2108002FA4BC /* single97suffix.png */ = {isa = PBXFileReference; lastKnownFileType = image.png; path = single97suffix.png; sourceTree = "<group>"; };
		03BF61921BCC2108002FA4BC /* single98suffix.png */ = {isa = PBXFileReference; lastKnownFileType = image.png; path = single98suffix.png; sourceTree = "<group>"; };
		03BF61931BCC2108002FA4BC /* single99suffix.png */ = {isa = PBXFileReference; lastKnownFileType = image.png; path = single99suffix.png; sourceTree = "<group>"; };
		03BF61941BCC2108002FA4BC /* single9suffix.png */ = {isa = PBXFileReference; lastKnownFileType = image.png; path = single9suffix.png; sourceTree = "<group>"; };
		03D11CF21BCC17F300B9F1B4 /* Upgrade.app */ = {isa = PBXFileReference; explicitFileType = wrapper.application; includeInIndex = 0; path = Upgrade.app; sourceTree = BUILT_PRODUCTS_DIR; };
		03D11CF61BCC17F300B9F1B4 /* main.m */ = {isa = PBXFileReference; lastKnownFileType = sourcecode.c.objc; path = main.m; sourceTree = "<group>"; };
		03D11CF81BCC17F300B9F1B4 /* AppDelegate.h */ = {isa = PBXFileReference; lastKnownFileType = sourcecode.c.h; path = AppDelegate.h; sourceTree = "<group>"; };
		03D11CF91BCC17F300B9F1B4 /* AppDelegate.m */ = {isa = PBXFileReference; lastKnownFileType = sourcecode.c.objc; path = AppDelegate.m; sourceTree = "<group>"; };
		03D11CFB1BCC17F300B9F1B4 /* ViewController.h */ = {isa = PBXFileReference; lastKnownFileType = sourcecode.c.h; path = ViewController.h; sourceTree = "<group>"; };
		03D11CFC1BCC17F300B9F1B4 /* ViewController.m */ = {isa = PBXFileReference; lastKnownFileType = sourcecode.c.objc; path = ViewController.m; sourceTree = "<group>"; };
		03D11CFF1BCC17F300B9F1B4 /* Base */ = {isa = PBXFileReference; lastKnownFileType = file.storyboard; name = Base; path = Base.lproj/Main.storyboard; sourceTree = "<group>"; };
		03D11D011BCC17F300B9F1B4 /* Assets.xcassets */ = {isa = PBXFileReference; lastKnownFileType = folder.assetcatalog; path = Assets.xcassets; sourceTree = "<group>"; };
		03D11D041BCC17F300B9F1B4 /* Base */ = {isa = PBXFileReference; lastKnownFileType = file.storyboard; name = Base; path = Base.lproj/LaunchScreen.storyboard; sourceTree = "<group>"; };
		03D11D061BCC17F300B9F1B4 /* Info.plist */ = {isa = PBXFileReference; lastKnownFileType = text.plist.xml; path = Info.plist; sourceTree = "<group>"; };
/* End PBXFileReference section */

/* Begin PBXFrameworksBuildPhase section */
		03A066B71BCC182000CB3F44 /* Frameworks */ = {
			isa = PBXFrameworksBuildPhase;
			buildActionMask = 2147483647;
			files = (
			);
			runOnlyForDeploymentPostprocessing = 0;
		};
		03D11CEF1BCC17F300B9F1B4 /* Frameworks */ = {
			isa = PBXFrameworksBuildPhase;
			buildActionMask = 2147483647;
			files = (
			);
			runOnlyForDeploymentPostprocessing = 0;
		};
/* End PBXFrameworksBuildPhase section */

/* Begin PBXGroup section */
		03A066BB1BCC182000CB3F44 /* Upgrade WatchKit 1 Extension */ = {
			isa = PBXGroup;
			children = (
				03A066BE1BCC182000CB3F44 /* InterfaceController.h */,
				03A066BF1BCC182000CB3F44 /* InterfaceController.m */,
				03A066DE1BCC186200CB3F44 /* SecondPageController.h */,
				03A066DF1BCC186200CB3F44 /* SecondPageController.m */,
				03A066C11BCC182000CB3F44 /* NotificationController.h */,
				03A066C21BCC182000CB3F44 /* NotificationController.m */,
				03A066C41BCC182000CB3F44 /* Assets.xcassets */,
				03A066C61BCC182000CB3F44 /* Info.plist */,
				03BF612F1BCC2107002FA4BC /* images */,
				03A066BC1BCC182000CB3F44 /* Supporting Files */,
			);
			path = "Upgrade WatchKit 1 Extension";
			sourceTree = "<group>";
		};
		03A066BC1BCC182000CB3F44 /* Supporting Files */ = {
			isa = PBXGroup;
			children = (
				03A066BD1BCC182000CB3F44 /* PushNotificationPayload.apns */,
			);
			name = "Supporting Files";
			sourceTree = "<group>";
		};
		03A066CD1BCC182000CB3F44 /* Upgrade WatchKit 1 App */ = {
			isa = PBXGroup;
			children = (
				03A066CE1BCC182000CB3F44 /* Interface.storyboard */,
				03A066D11BCC182000CB3F44 /* Assets.xcassets */,
				03A066D31BCC182000CB3F44 /* Info.plist */,
			);
			path = "Upgrade WatchKit 1 App";
			sourceTree = "<group>";
		};
		03BF612F1BCC2107002FA4BC /* images */ = {
			isa = PBXGroup;
			children = (
				03BF61301BCC2107002FA4BC /* single0suffix.png */,
				03BF61311BCC2107002FA4BC /* single100suffix.png */,
				03BF61321BCC2107002FA4BC /* single10suffix.png */,
				03BF61331BCC2107002FA4BC /* single11suffix.png */,
				03BF61341BCC2107002FA4BC /* single12suffix.png */,
				03BF61351BCC2107002FA4BC /* single13suffix.png */,
				03BF61361BCC2107002FA4BC /* single14suffix.png */,
				03BF61371BCC2107002FA4BC /* single15suffix.png */,
				03BF61381BCC2107002FA4BC /* single16suffix.png */,
				03BF61391BCC2107002FA4BC /* single17suffix.png */,
				03BF613A1BCC2107002FA4BC /* single18suffix.png */,
				03BF613B1BCC2107002FA4BC /* single19suffix.png */,
				03BF613C1BCC2107002FA4BC /* single1suffix.png */,
				03BF613D1BCC2107002FA4BC /* single20suffix.png */,
				03BF613E1BCC2107002FA4BC /* single21suffix.png */,
				03BF613F1BCC2107002FA4BC /* single22suffix.png */,
				03BF61401BCC2107002FA4BC /* single23suffix.png */,
				03BF61411BCC2107002FA4BC /* single24suffix.png */,
				03BF61421BCC2107002FA4BC /* single25suffix.png */,
				03BF61431BCC2107002FA4BC /* single26suffix.png */,
				03BF61441BCC2107002FA4BC /* single27suffix.png */,
				03BF61451BCC2107002FA4BC /* single28suffix.png */,
				03BF61461BCC2107002FA4BC /* single29suffix.png */,
				03BF61471BCC2107002FA4BC /* single2suffix.png */,
				03BF61481BCC2107002FA4BC /* single30suffix.png */,
				03BF61491BCC2107002FA4BC /* single31suffix.png */,
				03BF614A1BCC2107002FA4BC /* single32suffix.png */,
				03BF614B1BCC2107002FA4BC /* single33suffix.png */,
				03BF614C1BCC2107002FA4BC /* single34suffix.png */,
				03BF614D1BCC2107002FA4BC /* single35suffix.png */,
				03BF614E1BCC2107002FA4BC /* single36suffix.png */,
				03BF614F1BCC2107002FA4BC /* single37suffix.png */,
				03BF61501BCC2107002FA4BC /* single38suffix.png */,
				03BF61511BCC2107002FA4BC /* single39suffix.png */,
				03BF61521BCC2107002FA4BC /* single3suffix.png */,
				03BF61531BCC2107002FA4BC /* single40suffix.png */,
				03BF61541BCC2107002FA4BC /* single41suffix.png */,
				03BF61551BCC2107002FA4BC /* single42suffix.png */,
				03BF61561BCC2107002FA4BC /* single43suffix.png */,
				03BF61571BCC2107002FA4BC /* single44suffix.png */,
				03BF61581BCC2107002FA4BC /* single45suffix.png */,
				03BF61591BCC2107002FA4BC /* single46suffix.png */,
				03BF615A1BCC2107002FA4BC /* single47suffix.png */,
				03BF615B1BCC2107002FA4BC /* single48suffix.png */,
				03BF615C1BCC2108002FA4BC /* single49suffix.png */,
				03BF615D1BCC2108002FA4BC /* single4suffix.png */,
				03BF615E1BCC2108002FA4BC /* single50suffix.png */,
				03BF615F1BCC2108002FA4BC /* single51suffix.png */,
				03BF61601BCC2108002FA4BC /* single52suffix.png */,
				03BF61611BCC2108002FA4BC /* single53suffix.png */,
				03BF61621BCC2108002FA4BC /* single54suffix.png */,
				03BF61631BCC2108002FA4BC /* single55suffix.png */,
				03BF61641BCC2108002FA4BC /* single56suffix.png */,
				03BF61651BCC2108002FA4BC /* single57suffix.png */,
				03BF61661BCC2108002FA4BC /* single58suffix.png */,
				03BF61671BCC2108002FA4BC /* single59suffix.png */,
				03BF61681BCC2108002FA4BC /* single5suffix.png */,
				03BF61691BCC2108002FA4BC /* single60suffix.png */,
				03BF616A1BCC2108002FA4BC /* single61suffix.png */,
				03BF616B1BCC2108002FA4BC /* single62suffix.png */,
				03BF616C1BCC2108002FA4BC /* single63suffix.png */,
				03BF616D1BCC2108002FA4BC /* single64suffix.png */,
				03BF616E1BCC2108002FA4BC /* single65suffix.png */,
				03BF616F1BCC2108002FA4BC /* single66suffix.png */,
				03BF61701BCC2108002FA4BC /* single67suffix.png */,
				03BF61711BCC2108002FA4BC /* single68suffix.png */,
				03BF61721BCC2108002FA4BC /* single69suffix.png */,
				03BF61731BCC2108002FA4BC /* single6suffix.png */,
				03BF61741BCC2108002FA4BC /* single70suffix.png */,
				03BF61751BCC2108002FA4BC /* single71suffix.png */,
				03BF61761BCC2108002FA4BC /* single72suffix.png */,
				03BF61771BCC2108002FA4BC /* single73suffix.png */,
				03BF61781BCC2108002FA4BC /* single74suffix.png */,
				03BF61791BCC2108002FA4BC /* single75suffix.png */,
				03BF617A1BCC2108002FA4BC /* single76suffix.png */,
				03BF617B1BCC2108002FA4BC /* single77suffix.png */,
				03BF617C1BCC2108002FA4BC /* single78suffix.png */,
				03BF617D1BCC2108002FA4BC /* single79suffix.png */,
				03BF617E1BCC2108002FA4BC /* single7suffix.png */,
				03BF617F1BCC2108002FA4BC /* single80suffix.png */,
				03BF61801BCC2108002FA4BC /* single81suffix.png */,
				03BF61811BCC2108002FA4BC /* single82suffix.png */,
				03BF61821BCC2108002FA4BC /* single83suffix.png */,
				03BF61831BCC2108002FA4BC /* single84suffix.png */,
				03BF61841BCC2108002FA4BC /* single85suffix.png */,
				03BF61851BCC2108002FA4BC /* single86suffix.png */,
				03BF61861BCC2108002FA4BC /* single87suffix.png */,
				03BF61871BCC2108002FA4BC /* single88suffix.png */,
				03BF61881BCC2108002FA4BC /* single89suffix.png */,
				03BF61891BCC2108002FA4BC /* single8suffix.png */,
				03BF618A1BCC2108002FA4BC /* single90suffix.png */,
				03BF618B1BCC2108002FA4BC /* single91suffix.png */,
				03BF618C1BCC2108002FA4BC /* single92suffix.png */,
				03BF618D1BCC2108002FA4BC /* single93suffix.png */,
				03BF618E1BCC2108002FA4BC /* single94suffix.png */,
				03BF618F1BCC2108002FA4BC /* single95suffix.png */,
				03BF61901BCC2108002FA4BC /* single96suffix.png */,
				03BF61911BCC2108002FA4BC /* single97suffix.png */,
				03BF61921BCC2108002FA4BC /* single98suffix.png */,
				03BF61931BCC2108002FA4BC /* single99suffix.png */,
				03BF61941BCC2108002FA4BC /* single9suffix.png */,
			);
			path = images;
			sourceTree = "<group>";
		};
		03D11CE91BCC17F300B9F1B4 = {
			isa = PBXGroup;
			children = (
				03D11CF41BCC17F300B9F1B4 /* Upgrade */,
				03A066BB1BCC182000CB3F44 /* Upgrade WatchKit 1 Extension */,
				03A066CD1BCC182000CB3F44 /* Upgrade WatchKit 1 App */,
				03D11CF31BCC17F300B9F1B4 /* Products */,
			);
			sourceTree = "<group>";
		};
		03D11CF31BCC17F300B9F1B4 /* Products */ = {
			isa = PBXGroup;
			children = (
				03D11CF21BCC17F300B9F1B4 /* Upgrade.app */,
				03A066BA1BCC182000CB3F44 /* Upgrade WatchKit Extension.appex */,
				03A066C91BCC182000CB3F44 /* Upgrade WatchKit App.app */,
			);
			name = Products;
			sourceTree = "<group>";
		};
		03D11CF41BCC17F300B9F1B4 /* Upgrade */ = {
			isa = PBXGroup;
			children = (
				03D11CF81BCC17F300B9F1B4 /* AppDelegate.h */,
				03D11CF91BCC17F300B9F1B4 /* AppDelegate.m */,
				03D11CFB1BCC17F300B9F1B4 /* ViewController.h */,
				03D11CFC1BCC17F300B9F1B4 /* ViewController.m */,
				03D11CFE1BCC17F300B9F1B4 /* Main.storyboard */,
				03D11D011BCC17F300B9F1B4 /* Assets.xcassets */,
				03D11D031BCC17F300B9F1B4 /* LaunchScreen.storyboard */,
				03D11D061BCC17F300B9F1B4 /* Info.plist */,
				03D11CF51BCC17F300B9F1B4 /* Supporting Files */,
			);
			path = Upgrade;
			sourceTree = "<group>";
		};
		03D11CF51BCC17F300B9F1B4 /* Supporting Files */ = {
			isa = PBXGroup;
			children = (
				03D11CF61BCC17F300B9F1B4 /* main.m */,
			);
			name = "Supporting Files";
			sourceTree = "<group>";
		};
/* End PBXGroup section */

/* Begin PBXNativeTarget section */
		03A066B91BCC182000CB3F44 /* Upgrade WatchKit Extension */ = {
			isa = PBXNativeTarget;
			buildConfigurationList = 03A066DC1BCC182000CB3F44 /* Build configuration list for PBXNativeTarget "Upgrade WatchKit Extension" */;
			buildPhases = (
				03A066B61BCC182000CB3F44 /* Sources */,
				03A066B71BCC182000CB3F44 /* Frameworks */,
				03A066B81BCC182000CB3F44 /* Resources */,
			);
			buildRules = (
			);
			dependencies = (
			);
			name = "Upgrade WatchKit Extension";
			productName = "Upgrade WatchKit 1 Extension";
			productReference = 03A066BA1BCC182000CB3F44 /* Upgrade WatchKit Extension.appex */;
			productType = "com.apple.product-type.watchkit2-extension";
		};
		03A066C81BCC182000CB3F44 /* Upgrade WatchKit App */ = {
			isa = PBXNativeTarget;
			buildConfigurationList = 03A066DB1BCC182000CB3F44 /* Build configuration list for PBXNativeTarget "Upgrade WatchKit App" */;
			buildPhases = (
				03A066C71BCC182000CB3F44 /* Resources */,
				03BF612D1BCC1944002FA4BC /* Embed App Extensions */,
			);
			buildRules = (
			);
			dependencies = (
				03BF61281BCC1944002FA4BC /* PBXTargetDependency */,
			);
			name = "Upgrade WatchKit App";
			productName = "Upgrade WatchKit 1 App";
			productReference = 03A066C91BCC182000CB3F44 /* Upgrade WatchKit App.app */;
			productType = "com.apple.product-type.application.watchapp2";
		};
		03D11CF11BCC17F300B9F1B4 /* Upgrade */ = {
			isa = PBXNativeTarget;
			buildConfigurationList = 03D11D091BCC17F300B9F1B4 /* Build configuration list for PBXNativeTarget "Upgrade" */;
			buildPhases = (
				03D11CEE1BCC17F300B9F1B4 /* Sources */,
				03D11CEF1BCC17F300B9F1B4 /* Frameworks */,
				03D11CF01BCC17F300B9F1B4 /* Resources */,
				03BF612E1BCC1944002FA4BC /* Embed Watch Content */,
			);
			buildRules = (
			);
			dependencies = (
				03BF612B1BCC1944002FA4BC /* PBXTargetDependency */,
			);
			name = Upgrade;
			productName = Upgrade;
			productReference = 03D11CF21BCC17F300B9F1B4 /* Upgrade.app */;
			productType = "com.apple.product-type.application";
		};
/* End PBXNativeTarget section */

/* Begin PBXProject section */
		03D11CEA1BCC17F300B9F1B4 /* Project object */ = {
			isa = PBXProject;
			attributes = {
				LastUpgradeCheck = 0700;
				ORGANIZATIONNAME = "Claus Höfele";
				TargetAttributes = {
					03A066B91BCC182000CB3F44 = {
						CreatedOnToolsVersion = 7.0.1;
					};
					03A066C81BCC182000CB3F44 = {
						CreatedOnToolsVersion = 7.0.1;
					};
					03D11CF11BCC17F300B9F1B4 = {
						CreatedOnToolsVersion = 7.0.1;
					};
				};
			};
			buildConfigurationList = 03D11CED1BCC17F300B9F1B4 /* Build configuration list for PBXProject "Upgrade" */;
			compatibilityVersion = "Xcode 3.2";
			developmentRegion = English;
			hasScannedForEncodings = 0;
			knownRegions = (
				en,
				Base,
			);
			mainGroup = 03D11CE91BCC17F300B9F1B4;
			productRefGroup = 03D11CF31BCC17F300B9F1B4 /* Products */;
			projectDirPath = "";
			projectRoot = "";
			targets = (
				03D11CF11BCC17F300B9F1B4 /* Upgrade */,
				03A066B91BCC182000CB3F44 /* Upgrade WatchKit Extension */,
				03A066C81BCC182000CB3F44 /* Upgrade WatchKit App */,
			);
		};
/* End PBXProject section */

/* Begin PBXResourcesBuildPhase section */
		03A066B81BCC182000CB3F44 /* Resources */ = {
			isa = PBXResourcesBuildPhase;
			buildActionMask = 2147483647;
			files = (
				03A066C51BCC182000CB3F44 /* Assets.xcassets in Resources */,
			);
			runOnlyForDeploymentPostprocessing = 0;
		};
		03A066C71BCC182000CB3F44 /* Resources */ = {
			isa = PBXResourcesBuildPhase;
			buildActionMask = 2147483647;
			files = (
				03BF62151BCC2240002FA4BC /* single32suffix.png in Resources */,
				03BF62141BCC2240002FA4BC /* single31suffix.png in Resources */,
				03BF622B1BCC2240002FA4BC /* single52suffix.png in Resources */,
				03BF625B1BCC2240002FA4BC /* single96suffix.png in Resources */,
				03BF62261BCC2240002FA4BC /* single48suffix.png in Resources */,
				03BF62001BCC2240002FA4BC /* single13suffix.png in Resources */,
				03BF62191BCC2240002FA4BC /* single36suffix.png in Resources */,
				03BF62491BCC2240002FA4BC /* single7suffix.png in Resources */,
				03BF62381BCC2240002FA4BC /* single64suffix.png in Resources */,
				03BF62431BCC2240002FA4BC /* single74suffix.png in Resources */,
				03BF62341BCC2240002FA4BC /* single60suffix.png in Resources */,
				03BF624A1BCC2240002FA4BC /* single80suffix.png in Resources */,
				03BF62251BCC2240002FA4BC /* single47suffix.png in Resources */,
				03BF62531BCC2240002FA4BC /* single89suffix.png in Resources */,
				03BF62011BCC2240002FA4BC /* single14suffix.png in Resources */,
				03BF62181BCC2240002FA4BC /* single35suffix.png in Resources */,
				03BF624E1BCC2240002FA4BC /* single84suffix.png in Resources */,
				03BF62481BCC2240002FA4BC /* single79suffix.png in Resources */,
				03BF62111BCC2240002FA4BC /* single29suffix.png in Resources */,
				03BF62231BCC2240002FA4BC /* single45suffix.png in Resources */,
				03BF620C1BCC2240002FA4BC /* single24suffix.png in Resources */,
				03BF621D1BCC2240002FA4BC /* single3suffix.png in Resources */,
				03A066D21BCC182000CB3F44 /* Assets.xcassets in Resources */,
				03BF62031BCC2240002FA4BC /* single16suffix.png in Resources */,
				03BF62541BCC2240002FA4BC /* single8suffix.png in Resources */,
				03BF622D1BCC2240002FA4BC /* single54suffix.png in Resources */,
				03BF62301BCC2240002FA4BC /* single57suffix.png in Resources */,
				03BF62071BCC2240002FA4BC /* single1suffix.png in Resources */,
				03BF62041BCC2240002FA4BC /* single17suffix.png in Resources */,
				03BF62241BCC2240002FA4BC /* single46suffix.png in Resources */,
				03BF624C1BCC2240002FA4BC /* single82suffix.png in Resources */,
				03BF62561BCC2240002FA4BC /* single91suffix.png in Resources */,
				03BF62051BCC2240002FA4BC /* single18suffix.png in Resources */,
				03BF622E1BCC2240002FA4BC /* single55suffix.png in Resources */,
				03BF62451BCC2240002FA4BC /* single76suffix.png in Resources */,
				03BF625A1BCC2240002FA4BC /* single95suffix.png in Resources */,
				03BF620F1BCC2240002FA4BC /* single27suffix.png in Resources */,
				03BF61FB1BCC2240002FA4BC /* single0suffix.png in Resources */,
				03BF620A1BCC2240002FA4BC /* single22suffix.png in Resources */,
				03BF61FD1BCC2240002FA4BC /* single10suffix.png in Resources */,
				03BF622F1BCC2240002FA4BC /* single56suffix.png in Resources */,
				03BF625F1BCC2240002FA4BC /* single9suffix.png in Resources */,
				03BF62091BCC2240002FA4BC /* single21suffix.png in Resources */,
				03BF62321BCC2240002FA4BC /* single59suffix.png in Resources */,
				03BF62471BCC2240002FA4BC /* single78suffix.png in Resources */,
				03BF62441BCC2240002FA4BC /* single75suffix.png in Resources */,
				03BF62211BCC2240002FA4BC /* single43suffix.png in Resources */,
				03BF624F1BCC2240002FA4BC /* single85suffix.png in Resources */,
				03BF62421BCC2240002FA4BC /* single73suffix.png in Resources */,
				03BF621A1BCC2240002FA4BC /* single37suffix.png in Resources */,
				03BF61FC1BCC2240002FA4BC /* single100suffix.png in Resources */,
				03BF62221BCC2240002FA4BC /* single44suffix.png in Resources */,
				03BF62101BCC2240002FA4BC /* single28suffix.png in Resources */,
				03BF623A1BCC2240002FA4BC /* single66suffix.png in Resources */,
				03BF62391BCC2240002FA4BC /* single65suffix.png in Resources */,
				03BF62161BCC2240002FA4BC /* single33suffix.png in Resources */,
				03BF62021BCC2240002FA4BC /* single15suffix.png in Resources */,
				03BF622A1BCC2240002FA4BC /* single51suffix.png in Resources */,
				03BF62551BCC2240002FA4BC /* single90suffix.png in Resources */,
				03BF620E1BCC2240002FA4BC /* single26suffix.png in Resources */,
				03BF623D1BCC2240002FA4BC /* single69suffix.png in Resources */,
				03BF62281BCC2240002FA4BC /* single4suffix.png in Resources */,
				03BF621C1BCC2240002FA4BC /* single39suffix.png in Resources */,
				03BF61FE1BCC2240002FA4BC /* single11suffix.png in Resources */,
				03BF61FF1BCC2240002FA4BC /* single12suffix.png in Resources */,
				03BF62501BCC2240002FA4BC /* single86suffix.png in Resources */,
				03BF62171BCC2240002FA4BC /* single34suffix.png in Resources */,
				03BF62061BCC2240002FA4BC /* single19suffix.png in Resources */,
				03BF62591BCC2240002FA4BC /* single94suffix.png in Resources */,
				03BF62371BCC2240002FA4BC /* single63suffix.png in Resources */,
				03BF62291BCC2240002FA4BC /* single50suffix.png in Resources */,
				03BF621E1BCC2240002FA4BC /* single40suffix.png in Resources */,
				03BF62401BCC2240002FA4BC /* single71suffix.png in Resources */,
				03BF625E1BCC2240002FA4BC /* single99suffix.png in Resources */,
				03BF624B1BCC2240002FA4BC /* single81suffix.png in Resources */,
				03BF62511BCC2240002FA4BC /* single87suffix.png in Resources */,
				03BF624D1BCC2240002FA4BC /* single83suffix.png in Resources */,
				03BF62581BCC2240002FA4BC /* single93suffix.png in Resources */,
				03BF62521BCC2240002FA4BC /* single88suffix.png in Resources */,
				03BF621B1BCC2240002FA4BC /* single38suffix.png in Resources */,
				03BF623E1BCC2240002FA4BC /* single6suffix.png in Resources */,
				03BF62121BCC2240002FA4BC /* single2suffix.png in Resources */,
				03BF62271BCC2240002FA4BC /* single49suffix.png in Resources */,
				03BF620B1BCC2240002FA4BC /* single23suffix.png in Resources */,
				03BF62331BCC2240002FA4BC /* single5suffix.png in Resources */,
				03BF62201BCC2240002FA4BC /* single42suffix.png in Resources */,
				03BF625C1BCC2240002FA4BC /* single97suffix.png in Resources */,
				03BF625D1BCC2240002FA4BC /* single98suffix.png in Resources */,
				03BF621F1BCC2240002FA4BC /* single41suffix.png in Resources */,
				03BF62361BCC2240002FA4BC /* single62suffix.png in Resources */,
				03BF623B1BCC2240002FA4BC /* single67suffix.png in Resources */,
				03BF62081BCC2240002FA4BC /* single20suffix.png in Resources */,
				03BF62571BCC2240002FA4BC /* single92suffix.png in Resources */,
				03BF622C1BCC2240002FA4BC /* single53suffix.png in Resources */,
				03BF623C1BCC2240002FA4BC /* single68suffix.png in Resources */,
				03BF62411BCC2240002FA4BC /* single72suffix.png in Resources */,
				03BF62131BCC2240002FA4BC /* single30suffix.png in Resources */,
				03A066D01BCC182000CB3F44 /* Interface.storyboard in Resources */,
				03BF620D1BCC2240002FA4BC /* single25suffix.png in Resources */,
				03BF623F1BCC2240002FA4BC /* single70suffix.png in Resources */,
				03BF62351BCC2240002FA4BC /* single61suffix.png in Resources */,
				03BF62461BCC2240002FA4BC /* single77suffix.png in Resources */,
				03BF62311BCC2240002FA4BC /* single58suffix.png in Resources */,
			);
			runOnlyForDeploymentPostprocessing = 0;
		};
		03D11CF01BCC17F300B9F1B4 /* Resources */ = {
			isa = PBXResourcesBuildPhase;
			buildActionMask = 2147483647;
			files = (
				03D11D051BCC17F300B9F1B4 /* LaunchScreen.storyboard in Resources */,
				03D11D021BCC17F300B9F1B4 /* Assets.xcassets in Resources */,
				03D11D001BCC17F300B9F1B4 /* Main.storyboard in Resources */,
			);
			runOnlyForDeploymentPostprocessing = 0;
		};
/* End PBXResourcesBuildPhase section */

/* Begin PBXSourcesBuildPhase section */
		03A066B61BCC182000CB3F44 /* Sources */ = {
			isa = PBXSourcesBuildPhase;
			buildActionMask = 2147483647;
			files = (
				03A066C31BCC182000CB3F44 /* NotificationController.m in Sources */,
				03A066C01BCC182000CB3F44 /* InterfaceController.m in Sources */,
				03A066E01BCC186200CB3F44 /* SecondPageController.m in Sources */,
			);
			runOnlyForDeploymentPostprocessing = 0;
		};
		03D11CEE1BCC17F300B9F1B4 /* Sources */ = {
			isa = PBXSourcesBuildPhase;
			buildActionMask = 2147483647;
			files = (
				03D11CFD1BCC17F300B9F1B4 /* ViewController.m in Sources */,
				03D11CFA1BCC17F300B9F1B4 /* AppDelegate.m in Sources */,
				03D11CF71BCC17F300B9F1B4 /* main.m in Sources */,
			);
			runOnlyForDeploymentPostprocessing = 0;
		};
/* End PBXSourcesBuildPhase section */

/* Begin PBXTargetDependency section */
		03BF61281BCC1944002FA4BC /* PBXTargetDependency */ = {
			isa = PBXTargetDependency;
			target = 03A066B91BCC182000CB3F44 /* Upgrade WatchKit Extension */;
			targetProxy = 03BF61271BCC1944002FA4BC /* PBXContainerItemProxy */;
		};
		03BF612B1BCC1944002FA4BC /* PBXTargetDependency */ = {
			isa = PBXTargetDependency;
			target = 03A066C81BCC182000CB3F44 /* Upgrade WatchKit App */;
			targetProxy = 03BF612A1BCC1944002FA4BC /* PBXContainerItemProxy */;
		};
/* End PBXTargetDependency section */

/* Begin PBXVariantGroup section */
		03A066CE1BCC182000CB3F44 /* Interface.storyboard */ = {
			isa = PBXVariantGroup;
			children = (
				03A066CF1BCC182000CB3F44 /* Base */,
			);
			name = Interface.storyboard;
			sourceTree = "<group>";
		};
		03D11CFE1BCC17F300B9F1B4 /* Main.storyboard */ = {
			isa = PBXVariantGroup;
			children = (
				03D11CFF1BCC17F300B9F1B4 /* Base */,
			);
			name = Main.storyboard;
			sourceTree = "<group>";
		};
		03D11D031BCC17F300B9F1B4 /* LaunchScreen.storyboard */ = {
			isa = PBXVariantGroup;
			children = (
				03D11D041BCC17F300B9F1B4 /* Base */,
			);
			name = LaunchScreen.storyboard;
			sourceTree = "<group>";
		};
/* End PBXVariantGroup section */

/* Begin XCBuildConfiguration section */
		03A066D71BCC182000CB3F44 /* Debug */ = {
			isa = XCBuildConfiguration;
			buildSettings = {
				INFOPLIST_FILE = "Upgrade WatchKit 1 Extension/Info.plist";
				LD_RUNPATH_SEARCH_PATHS = "$(inherited) @executable_path/Frameworks @executable_path/../../Frameworks";
				PRODUCT_BUNDLE_IDENTIFIER = com.example.Upgrade.watchkitapp.watchkitextension;
				PRODUCT_NAME = "${TARGET_NAME}";
				SDKROOT = watchos;
				SKIP_INSTALL = YES;
				TARGETED_DEVICE_FAMILY = 4;
				WATCHOS_DEPLOYMENT_TARGET = 2.0;
			};
			name = Debug;
		};
		03A066D81BCC182000CB3F44 /* Release */ = {
			isa = XCBuildConfiguration;
			buildSettings = {
				INFOPLIST_FILE = "Upgrade WatchKit 1 Extension/Info.plist";
				LD_RUNPATH_SEARCH_PATHS = "$(inherited) @executable_path/Frameworks @executable_path/../../Frameworks";
				PRODUCT_BUNDLE_IDENTIFIER = com.example.Upgrade.watchkitapp.watchkitextension;
				PRODUCT_NAME = "${TARGET_NAME}";
				SDKROOT = watchos;
				SKIP_INSTALL = YES;
				TARGETED_DEVICE_FAMILY = 4;
				WATCHOS_DEPLOYMENT_TARGET = 2.0;
			};
			name = Release;
		};
		03A066D91BCC182000CB3F44 /* Debug */ = {
			isa = XCBuildConfiguration;
			buildSettings = {
				ASSETCATALOG_COMPILER_APPICON_NAME = AppIcon;
				IBSC_MODULE = Upgrade_WatchKit_1_Extension;
				INFOPLIST_FILE = "Upgrade WatchKit 1 App/Info.plist";
				PRODUCT_BUNDLE_IDENTIFIER = com.example.Upgrade.watchkitapp;
				PRODUCT_NAME = "$(TARGET_NAME)";
				SDKROOT = watchos;
				SKIP_INSTALL = YES;
				TARGETED_DEVICE_FAMILY = 4;
				WATCHOS_DEPLOYMENT_TARGET = 2.0;
			};
			name = Debug;
		};
		03A066DA1BCC182000CB3F44 /* Release */ = {
			isa = XCBuildConfiguration;
			buildSettings = {
				ASSETCATALOG_COMPILER_APPICON_NAME = AppIcon;
				IBSC_MODULE = Upgrade_WatchKit_1_Extension;
				INFOPLIST_FILE = "Upgrade WatchKit 1 App/Info.plist";
				PRODUCT_BUNDLE_IDENTIFIER = com.example.Upgrade.watchkitapp;
				PRODUCT_NAME = "$(TARGET_NAME)";
				SDKROOT = watchos;
				SKIP_INSTALL = YES;
				TARGETED_DEVICE_FAMILY = 4;
				WATCHOS_DEPLOYMENT_TARGET = 2.0;
			};
			name = Release;
		};
		03D11D071BCC17F300B9F1B4 /* Debug */ = {
			isa = XCBuildConfiguration;
			buildSettings = {
				ALWAYS_SEARCH_USER_PATHS = NO;
				CLANG_CXX_LANGUAGE_STANDARD = "gnu++0x";
				CLANG_CXX_LIBRARY = "libc++";
				CLANG_ENABLE_MODULES = YES;
				CLANG_ENABLE_OBJC_ARC = YES;
				CLANG_WARN_BOOL_CONVERSION = YES;
				CLANG_WARN_CONSTANT_CONVERSION = YES;
				CLANG_WARN_DIRECT_OBJC_ISA_USAGE = YES_ERROR;
				CLANG_WARN_EMPTY_BODY = YES;
				CLANG_WARN_ENUM_CONVERSION = YES;
				CLANG_WARN_INT_CONVERSION = YES;
				CLANG_WARN_OBJC_ROOT_CLASS = YES_ERROR;
				CLANG_WARN_UNREACHABLE_CODE = YES;
				CLANG_WARN__DUPLICATE_METHOD_MATCH = YES;
				"CODE_SIGN_IDENTITY[sdk=iphoneos*]" = "iPhone Developer";
				COPY_PHASE_STRIP = NO;
				DEBUG_INFORMATION_FORMAT = dwarf;
				ENABLE_STRICT_OBJC_MSGSEND = YES;
				ENABLE_TESTABILITY = YES;
				GCC_C_LANGUAGE_STANDARD = gnu99;
				GCC_DYNAMIC_NO_PIC = NO;
				GCC_NO_COMMON_BLOCKS = YES;
				GCC_OPTIMIZATION_LEVEL = 0;
				GCC_PREPROCESSOR_DEFINITIONS = (
					"DEBUG=1",
					"$(inherited)",
				);
				GCC_WARN_64_TO_32_BIT_CONVERSION = YES;
				GCC_WARN_ABOUT_RETURN_TYPE = YES_ERROR;
				GCC_WARN_UNDECLARED_SELECTOR = YES;
				GCC_WARN_UNINITIALIZED_AUTOS = YES_AGGRESSIVE;
				GCC_WARN_UNUSED_FUNCTION = YES;
				GCC_WARN_UNUSED_VARIABLE = YES;
				IPHONEOS_DEPLOYMENT_TARGET = 9.0;
				MTL_ENABLE_DEBUG_INFO = YES;
				ONLY_ACTIVE_ARCH = YES;
				SDKROOT = iphoneos;
			};
			name = Debug;
		};
		03D11D081BCC17F300B9F1B4 /* Release */ = {
			isa = XCBuildConfiguration;
			buildSettings = {
				ALWAYS_SEARCH_USER_PATHS = NO;
				CLANG_CXX_LANGUAGE_STANDARD = "gnu++0x";
				CLANG_CXX_LIBRARY = "libc++";
				CLANG_ENABLE_MODULES = YES;
				CLANG_ENABLE_OBJC_ARC = YES;
				CLANG_WARN_BOOL_CONVERSION = YES;
				CLANG_WARN_CONSTANT_CONVERSION = YES;
				CLANG_WARN_DIRECT_OBJC_ISA_USAGE = YES_ERROR;
				CLANG_WARN_EMPTY_BODY = YES;
				CLANG_WARN_ENUM_CONVERSION = YES;
				CLANG_WARN_INT_CONVERSION = YES;
				CLANG_WARN_OBJC_ROOT_CLASS = YES_ERROR;
				CLANG_WARN_UNREACHABLE_CODE = YES;
				CLANG_WARN__DUPLICATE_METHOD_MATCH = YES;
				"CODE_SIGN_IDENTITY[sdk=iphoneos*]" = "iPhone Developer";
				COPY_PHASE_STRIP = NO;
				DEBUG_INFORMATION_FORMAT = "dwarf-with-dsym";
				ENABLE_NS_ASSERTIONS = NO;
				ENABLE_STRICT_OBJC_MSGSEND = YES;
				GCC_C_LANGUAGE_STANDARD = gnu99;
				GCC_NO_COMMON_BLOCKS = YES;
				GCC_WARN_64_TO_32_BIT_CONVERSION = YES;
				GCC_WARN_ABOUT_RETURN_TYPE = YES_ERROR;
				GCC_WARN_UNDECLARED_SELECTOR = YES;
				GCC_WARN_UNINITIALIZED_AUTOS = YES_AGGRESSIVE;
				GCC_WARN_UNUSED_FUNCTION = YES;
				GCC_WARN_UNUSED_VARIABLE = YES;
				IPHONEOS_DEPLOYMENT_TARGET = 9.0;
				MTL_ENABLE_DEBUG_INFO = NO;
				SDKROOT = iphoneos;
				VALIDATE_PRODUCT = YES;
			};
			name = Release;
		};
		03D11D0A1BCC17F300B9F1B4 /* Debug */ = {
			isa = XCBuildConfiguration;
			buildSettings = {
				ASSETCATALOG_COMPILER_APPICON_NAME = AppIcon;
				INFOPLIST_FILE = Upgrade/Info.plist;
				LD_RUNPATH_SEARCH_PATHS = "$(inherited) @executable_path/Frameworks";
				PRODUCT_BUNDLE_IDENTIFIER = com.example.Upgrade;
				PRODUCT_NAME = "$(TARGET_NAME)";
			};
			name = Debug;
		};
		03D11D0B1BCC17F300B9F1B4 /* Release */ = {
			isa = XCBuildConfiguration;
			buildSettings = {
				ASSETCATALOG_COMPILER_APPICON_NAME = AppIcon;
				INFOPLIST_FILE = Upgrade/Info.plist;
				LD_RUNPATH_SEARCH_PATHS = "$(inherited) @executable_path/Frameworks";
				PRODUCT_BUNDLE_IDENTIFIER = com.example.Upgrade;
				PRODUCT_NAME = "$(TARGET_NAME)";
			};
			name = Release;
		};
/* End XCBuildConfiguration section */

/* Begin XCConfigurationList section */
		03A066DB1BCC182000CB3F44 /* Build configuration list for PBXNativeTarget "Upgrade WatchKit App" */ = {
			isa = XCConfigurationList;
			buildConfigurations = (
				03A066D91BCC182000CB3F44 /* Debug */,
				03A066DA1BCC182000CB3F44 /* Release */,
			);
			defaultConfigurationIsVisible = 0;
			defaultConfigurationName = Release;
		};
		03A066DC1BCC182000CB3F44 /* Build configuration list for PBXNativeTarget "Upgrade WatchKit Extension" */ = {
			isa = XCConfigurationList;
			buildConfigurations = (
				03A066D71BCC182000CB3F44 /* Debug */,
				03A066D81BCC182000CB3F44 /* Release */,
			);
			defaultConfigurationIsVisible = 0;
			defaultConfigurationName = Release;
		};
		03D11CED1BCC17F300B9F1B4 /* Build configuration list for PBXProject "Upgrade" */ = {
			isa = XCConfigurationList;
			buildConfigurations = (
				03D11D071BCC17F300B9F1B4 /* Debug */,
				03D11D081BCC17F300B9F1B4 /* Release */,
			);
			defaultConfigurationIsVisible = 0;
			defaultConfigurationName = Release;
		};
		03D11D091BCC17F300B9F1B4 /* Build configuration list for PBXNativeTarget "Upgrade" */ = {
			isa = XCConfigurationList;
			buildConfigurations = (
				03D11D0A1BCC17F300B9F1B4 /* Debug */,
				03D11D0B1BCC17F300B9F1B4 /* Release */,
			);
			defaultConfigurationIsVisible = 0;
			defaultConfigurationName = Release;
		};
/* End XCConfigurationList section */
	};
	rootObject = 03D11CEA1BCC17F300B9F1B4 /* Project object */;
}
