// !$*UTF8*$!
{
	archiveVersion = 1;
	classes = {
	};
	objectVersion = 46;
	objects = {

/* Begin PBXBuildFile section */
		0316DE491BCC235500A62E9F /* single0suffix.png in Resources */ = {isa = PBXBuildFile; fileRef = 0316DDE41BCC235500A62E9F /* single0suffix.png */; settings = {ASSET_TAGS = (); }; };
		0316DE4A1BCC235500A62E9F /* single100suffix.png in Resources */ = {isa = PBXBuildFile; fileRef = 0316DDE51BCC235500A62E9F /* single100suffix.png */; settings = {ASSET_TAGS = (); }; };
		0316DE4B1BCC235500A62E9F /* single10suffix.png in Resources */ = {isa = PBXBuildFile; fileRef = 0316DDE61BCC235500A62E9F /* single10suffix.png */; settings = {ASSET_TAGS = (); }; };
		0316DE4C1BCC235500A62E9F /* single11suffix.png in Resources */ = {isa = PBXBuildFile; fileRef = 0316DDE71BCC235500A62E9F /* single11suffix.png */; settings = {ASSET_TAGS = (); }; };
		0316DE4D1BCC235500A62E9F /* single12suffix.png in Resources */ = {isa = PBXBuildFile; fileRef = 0316DDE81BCC235500A62E9F /* single12suffix.png */; settings = {ASSET_TAGS = (); }; };
		0316DE4E1BCC235500A62E9F /* single13suffix.png in Resources */ = {isa = PBXBuildFile; fileRef = 0316DDE91BCC235500A62E9F /* single13suffix.png */; settings = {ASSET_TAGS = (); }; };
		0316DE4F1BCC235500A62E9F /* single14suffix.png in Resources */ = {isa = PBXBuildFile; fileRef = 0316DDEA1BCC235500A62E9F /* single14suffix.png */; settings = {ASSET_TAGS = (); }; };
		0316DE501BCC235500A62E9F /* single15suffix.png in Resources */ = {isa = PBXBuildFile; fileRef = 0316DDEB1BCC235500A62E9F /* single15suffix.png */; settings = {ASSET_TAGS = (); }; };
		0316DE511BCC235500A62E9F /* single16suffix.png in Resources */ = {isa = PBXBuildFile; fileRef = 0316DDEC1BCC235500A62E9F /* single16suffix.png */; settings = {ASSET_TAGS = (); }; };
		0316DE521BCC235500A62E9F /* single17suffix.png in Resources */ = {isa = PBXBuildFile; fileRef = 0316DDED1BCC235500A62E9F /* single17suffix.png */; settings = {ASSET_TAGS = (); }; };
		0316DE531BCC235500A62E9F /* single18suffix.png in Resources */ = {isa = PBXBuildFile; fileRef = 0316DDEE1BCC235500A62E9F /* single18suffix.png */; settings = {ASSET_TAGS = (); }; };
		0316DE541BCC235500A62E9F /* single19suffix.png in Resources */ = {isa = PBXBuildFile; fileRef = 0316DDEF1BCC235500A62E9F /* single19suffix.png */; settings = {ASSET_TAGS = (); }; };
		0316DE551BCC235500A62E9F /* single1suffix.png in Resources */ = {isa = PBXBuildFile; fileRef = 0316DDF01BCC235500A62E9F /* single1suffix.png */; settings = {ASSET_TAGS = (); }; };
		0316DE561BCC235500A62E9F /* single20suffix.png in Resources */ = {isa = PBXBuildFile; fileRef = 0316DDF11BCC235500A62E9F /* single20suffix.png */; settings = {ASSET_TAGS = (); }; };
		0316DE571BCC235500A62E9F /* single21suffix.png in Resources */ = {isa = PBXBuildFile; fileRef = 0316DDF21BCC235500A62E9F /* single21suffix.png */; settings = {ASSET_TAGS = (); }; };
		0316DE581BCC235500A62E9F /* single22suffix.png in Resources */ = {isa = PBXBuildFile; fileRef = 0316DDF31BCC235500A62E9F /* single22suffix.png */; settings = {ASSET_TAGS = (); }; };
		0316DE591BCC235500A62E9F /* single23suffix.png in Resources */ = {isa = PBXBuildFile; fileRef = 0316DDF41BCC235500A62E9F /* single23suffix.png */; settings = {ASSET_TAGS = (); }; };
		0316DE5A1BCC235500A62E9F /* single24suffix.png in Resources */ = {isa = PBXBuildFile; fileRef = 0316DDF51BCC235500A62E9F /* single24suffix.png */; settings = {ASSET_TAGS = (); }; };
		0316DE5B1BCC235500A62E9F /* single25suffix.png in Resources */ = {isa = PBXBuildFile; fileRef = 0316DDF61BCC235500A62E9F /* single25suffix.png */; settings = {ASSET_TAGS = (); }; };
		0316DE5C1BCC235500A62E9F /* single26suffix.png in Resources */ = {isa = PBXBuildFile; fileRef = 0316DDF71BCC235500A62E9F /* single26suffix.png */; settings = {ASSET_TAGS = (); }; };
		0316DE5D1BCC235500A62E9F /* single27suffix.png in Resources */ = {isa = PBXBuildFile; fileRef = 0316DDF81BCC235500A62E9F /* single27suffix.png */; settings = {ASSET_TAGS = (); }; };
		0316DE5E1BCC235500A62E9F /* single28suffix.png in Resources */ = {isa = PBXBuildFile; fileRef = 0316DDF91BCC235500A62E9F /* single28suffix.png */; settings = {ASSET_TAGS = (); }; };
		0316DE5F1BCC235500A62E9F /* single29suffix.png in Resources */ = {isa = PBXBuildFile; fileRef = 0316DDFA1BCC235500A62E9F /* single29suffix.png */; settings = {ASSET_TAGS = (); }; };
		0316DE601BCC235500A62E9F /* single2suffix.png in Resources */ = {isa = PBXBuildFile; fileRef = 0316DDFB1BCC235500A62E9F /* single2suffix.png */; settings = {ASSET_TAGS = (); }; };
		0316DE611BCC235500A62E9F /* single30suffix.png in Resources */ = {isa = PBXBuildFile; fileRef = 0316DDFC1BCC235500A62E9F /* single30suffix.png */; settings = {ASSET_TAGS = (); }; };
		0316DE621BCC235500A62E9F /* single31suffix.png in Resources */ = {isa = PBXBuildFile; fileRef = 0316DDFD1BCC235500A62E9F /* single31suffix.png */; settings = {ASSET_TAGS = (); }; };
		0316DE631BCC235500A62E9F /* single32suffix.png in Resources */ = {isa = PBXBuildFile; fileRef = 0316DDFE1BCC235500A62E9F /* single32suffix.png */; settings = {ASSET_TAGS = (); }; };
		0316DE641BCC235500A62E9F /* single33suffix.png in Resources */ = {isa = PBXBuildFile; fileRef = 0316DDFF1BCC235500A62E9F /* single33suffix.png */; settings = {ASSET_TAGS = (); }; };
		0316DE651BCC235500A62E9F /* single34suffix.png in Resources */ = {isa = PBXBuildFile; fileRef = 0316DE001BCC235500A62E9F /* single34suffix.png */; settings = {ASSET_TAGS = (); }; };
		0316DE661BCC235500A62E9F /* single35suffix.png in Resources */ = {isa = PBXBuildFile; fileRef = 0316DE011BCC235500A62E9F /* single35suffix.png */; settings = {ASSET_TAGS = (); }; };
		0316DE671BCC235500A62E9F /* single36suffix.png in Resources */ = {isa = PBXBuildFile; fileRef = 0316DE021BCC235500A62E9F /* single36suffix.png */; settings = {ASSET_TAGS = (); }; };
		0316DE681BCC235500A62E9F /* single37suffix.png in Resources */ = {isa = PBXBuildFile; fileRef = 0316DE031BCC235500A62E9F /* single37suffix.png */; settings = {ASSET_TAGS = (); }; };
		0316DE691BCC235500A62E9F /* single38suffix.png in Resources */ = {isa = PBXBuildFile; fileRef = 0316DE041BCC235500A62E9F /* single38suffix.png */; settings = {ASSET_TAGS = (); }; };
		0316DE6A1BCC235500A62E9F /* single39suffix.png in Resources */ = {isa = PBXBuildFile; fileRef = 0316DE051BCC235500A62E9F /* single39suffix.png */; settings = {ASSET_TAGS = (); }; };
		0316DE6B1BCC235500A62E9F /* single3suffix.png in Resources */ = {isa = PBXBuildFile; fileRef = 0316DE061BCC235500A62E9F /* single3suffix.png */; settings = {ASSET_TAGS = (); }; };
		0316DE6C1BCC235500A62E9F /* single40suffix.png in Resources */ = {isa = PBXBuildFile; fileRef = 0316DE071BCC235500A62E9F /* single40suffix.png */; settings = {ASSET_TAGS = (); }; };
		0316DE6D1BCC235500A62E9F /* single41suffix.png in Resources */ = {isa = PBXBuildFile; fileRef = 0316DE081BCC235500A62E9F /* single41suffix.png */; settings = {ASSET_TAGS = (); }; };
		0316DE6E1BCC235500A62E9F /* single42suffix.png in Resources */ = {isa = PBXBuildFile; fileRef = 0316DE091BCC235500A62E9F /* single42suffix.png */; settings = {ASSET_TAGS = (); }; };
		0316DE6F1BCC235500A62E9F /* single43suffix.png in Resources */ = {isa = PBXBuildFile; fileRef = 0316DE0A1BCC235500A62E9F /* single43suffix.png */; settings = {ASSET_TAGS = (); }; };
		0316DE701BCC235500A62E9F /* single44suffix.png in Resources */ = {isa = PBXBuildFile; fileRef = 0316DE0B1BCC235500A62E9F /* single44suffix.png */; settings = {ASSET_TAGS = (); }; };
		0316DE711BCC235500A62E9F /* single45suffix.png in Resources */ = {isa = PBXBuildFile; fileRef = 0316DE0C1BCC235500A62E9F /* single45suffix.png */; settings = {ASSET_TAGS = (); }; };
		0316DE721BCC235500A62E9F /* single46suffix.png in Resources */ = {isa = PBXBuildFile; fileRef = 0316DE0D1BCC235500A62E9F /* single46suffix.png */; settings = {ASSET_TAGS = (); }; };
		0316DE731BCC235500A62E9F /* single47suffix.png in Resources */ = {isa = PBXBuildFile; fileRef = 0316DE0E1BCC235500A62E9F /* single47suffix.png */; settings = {ASSET_TAGS = (); }; };
		0316DE741BCC235500A62E9F /* single48suffix.png in Resources */ = {isa = PBXBuildFile; fileRef = 0316DE0F1BCC235500A62E9F /* single48suffix.png */; settings = {ASSET_TAGS = (); }; };
		0316DE751BCC235500A62E9F /* single49suffix.png in Resources */ = {isa = PBXBuildFile; fileRef = 0316DE101BCC235500A62E9F /* single49suffix.png */; settings = {ASSET_TAGS = (); }; };
		0316DE761BCC235500A62E9F /* single4suffix.png in Resources */ = {isa = PBXBuildFile; fileRef = 0316DE111BCC235500A62E9F /* single4suffix.png */; settings = {ASSET_TAGS = (); }; };
		0316DE771BCC235500A62E9F /* single50suffix.png in Resources */ = {isa = PBXBuildFile; fileRef = 0316DE121BCC235500A62E9F /* single50suffix.png */; settings = {ASSET_TAGS = (); }; };
		0316DE781BCC235500A62E9F /* single51suffix.png in Resources */ = {isa = PBXBuildFile; fileRef = 0316DE131BCC235500A62E9F /* single51suffix.png */; settings = {ASSET_TAGS = (); }; };
		0316DE791BCC235500A62E9F /* single52suffix.png in Resources */ = {isa = PBXBuildFile; fileRef = 0316DE141BCC235500A62E9F /* single52suffix.png */; settings = {ASSET_TAGS = (); }; };
		0316DE7A1BCC235500A62E9F /* single53suffix.png in Resources */ = {isa = PBXBuildFile; fileRef = 0316DE151BCC235500A62E9F /* single53suffix.png */; settings = {ASSET_TAGS = (); }; };
		0316DE7B1BCC235500A62E9F /* single54suffix.png in Resources */ = {isa = PBXBuildFile; fileRef = 0316DE161BCC235500A62E9F /* single54suffix.png */; settings = {ASSET_TAGS = (); }; };
		0316DE7C1BCC235500A62E9F /* single55suffix.png in Resources */ = {isa = PBXBuildFile; fileRef = 0316DE171BCC235500A62E9F /* single55suffix.png */; settings = {ASSET_TAGS = (); }; };
		0316DE7D1BCC235500A62E9F /* single56suffix.png in Resources */ = {isa = PBXBuildFile; fileRef = 0316DE181BCC235500A62E9F /* single56suffix.png */; settings = {ASSET_TAGS = (); }; };
		0316DE7E1BCC235500A62E9F /* single57suffix.png in Resources */ = {isa = PBXBuildFile; fileRef = 0316DE191BCC235500A62E9F /* single57suffix.png */; settings = {ASSET_TAGS = (); }; };
		0316DE7F1BCC235500A62E9F /* single58suffix.png in Resources */ = {isa = PBXBuildFile; fileRef = 0316DE1A1BCC235500A62E9F /* single58suffix.png */; settings = {ASSET_TAGS = (); }; };
		0316DE801BCC235500A62E9F /* single59suffix.png in Resources */ = {isa = PBXBuildFile; fileRef = 0316DE1B1BCC235500A62E9F /* single59suffix.png */; settings = {ASSET_TAGS = (); }; };
		0316DE811BCC235500A62E9F /* single5suffix.png in Resources */ = {isa = PBXBuildFile; fileRef = 0316DE1C1BCC235500A62E9F /* single5suffix.png */; settings = {ASSET_TAGS = (); }; };
		0316DE821BCC235500A62E9F /* single60suffix.png in Resources */ = {isa = PBXBuildFile; fileRef = 0316DE1D1BCC235500A62E9F /* single60suffix.png */; settings = {ASSET_TAGS = (); }; };
		0316DE831BCC235500A62E9F /* single61suffix.png in Resources */ = {isa = PBXBuildFile; fileRef = 0316DE1E1BCC235500A62E9F /* single61suffix.png */; settings = {ASSET_TAGS = (); }; };
		0316DE841BCC235500A62E9F /* single62suffix.png in Resources */ = {isa = PBXBuildFile; fileRef = 0316DE1F1BCC235500A62E9F /* single62suffix.png */; settings = {ASSET_TAGS = (); }; };
		0316DE851BCC235500A62E9F /* single63suffix.png in Resources */ = {isa = PBXBuildFile; fileRef = 0316DE201BCC235500A62E9F /* single63suffix.png */; settings = {ASSET_TAGS = (); }; };
		0316DE861BCC235500A62E9F /* single64suffix.png in Resources */ = {isa = PBXBuildFile; fileRef = 0316DE211BCC235500A62E9F /* single64suffix.png */; settings = {ASSET_TAGS = (); }; };
		0316DE871BCC235500A62E9F /* single65suffix.png in Resources */ = {isa = PBXBuildFile; fileRef = 0316DE221BCC235500A62E9F /* single65suffix.png */; settings = {ASSET_TAGS = (); }; };
		0316DE881BCC235500A62E9F /* single66suffix.png in Resources */ = {isa = PBXBuildFile; fileRef = 0316DE231BCC235500A62E9F /* single66suffix.png */; settings = {ASSET_TAGS = (); }; };
		0316DE891BCC235500A62E9F /* single67suffix.png in Resources */ = {isa = PBXBuildFile; fileRef = 0316DE241BCC235500A62E9F /* single67suffix.png */; settings = {ASSET_TAGS = (); }; };
		0316DE8A1BCC235500A62E9F /* single68suffix.png in Resources */ = {isa = PBXBuildFile; fileRef = 0316DE251BCC235500A62E9F /* single68suffix.png */; settings = {ASSET_TAGS = (); }; };
		0316DE8B1BCC235500A62E9F /* single69suffix.png in Resources */ = {isa = PBXBuildFile; fileRef = 0316DE261BCC235500A62E9F /* single69suffix.png */; settings = {ASSET_TAGS = (); }; };
		0316DE8C1BCC235500A62E9F /* single6suffix.png in Resources */ = {isa = PBXBuildFile; fileRef = 0316DE271BCC235500A62E9F /* single6suffix.png */; settings = {ASSET_TAGS = (); }; };
		0316DE8D1BCC235500A62E9F /* single70suffix.png in Resources */ = {isa = PBXBuildFile; fileRef = 0316DE281BCC235500A62E9F /* single70suffix.png */; settings = {ASSET_TAGS = (); }; };
		0316DE8E1BCC235500A62E9F /* single71suffix.png in Resources */ = {isa = PBXBuildFile; fileRef = 0316DE291BCC235500A62E9F /* single71suffix.png */; settings = {ASSET_TAGS = (); }; };
		0316DE8F1BCC235500A62E9F /* single72suffix.png in Resources */ = {isa = PBXBuildFile; fileRef = 0316DE2A1BCC235500A62E9F /* single72suffix.png */; settings = {ASSET_TAGS = (); }; };
		0316DE901BCC235500A62E9F /* single73suffix.png in Resources */ = {isa = PBXBuildFile; fileRef = 0316DE2B1BCC235500A62E9F /* single73suffix.png */; settings = {ASSET_TAGS = (); }; };
		0316DE911BCC235500A62E9F /* single74suffix.png in Resources */ = {isa = PBXBuildFile; fileRef = 0316DE2C1BCC235500A62E9F /* single74suffix.png */; settings = {ASSET_TAGS = (); }; };
		0316DE921BCC235500A62E9F /* single75suffix.png in Resources */ = {isa = PBXBuildFile; fileRef = 0316DE2D1BCC235500A62E9F /* single75suffix.png */; settings = {ASSET_TAGS = (); }; };
		0316DE931BCC235500A62E9F /* single76suffix.png in Resources */ = {isa = PBXBuildFile; fileRef = 0316DE2E1BCC235500A62E9F /* single76suffix.png */; settings = {ASSET_TAGS = (); }; };
		0316DE941BCC235500A62E9F /* single77suffix.png in Resources */ = {isa = PBXBuildFile; fileRef = 0316DE2F1BCC235500A62E9F /* single77suffix.png */; settings = {ASSET_TAGS = (); }; };
		0316DE951BCC235500A62E9F /* single78suffix.png in Resources */ = {isa = PBXBuildFile; fileRef = 0316DE301BCC235500A62E9F /* single78suffix.png */; settings = {ASSET_TAGS = (); }; };
		0316DE961BCC235500A62E9F /* single79suffix.png in Resources */ = {isa = PBXBuildFile; fileRef = 0316DE311BCC235500A62E9F /* single79suffix.png */; settings = {ASSET_TAGS = (); }; };
		0316DE971BCC235500A62E9F /* single7suffix.png in Resources */ = {isa = PBXBuildFile; fileRef = 0316DE321BCC235500A62E9F /* single7suffix.png */; settings = {ASSET_TAGS = (); }; };
		0316DE981BCC235500A62E9F /* single80suffix.png in Resources */ = {isa = PBXBuildFile; fileRef = 0316DE331BCC235500A62E9F /* single80suffix.png */; settings = {ASSET_TAGS = (); }; };
		0316DE991BCC235500A62E9F /* single81suffix.png in Resources */ = {isa = PBXBuildFile; fileRef = 0316DE341BCC235500A62E9F /* single81suffix.png */; settings = {ASSET_TAGS = (); }; };
		0316DE9A1BCC235500A62E9F /* single82suffix.png in Resources */ = {isa = PBXBuildFile; fileRef = 0316DE351BCC235500A62E9F /* single82suffix.png */; settings = {ASSET_TAGS = (); }; };
		0316DE9B1BCC235500A62E9F /* single83suffix.png in Resources */ = {isa = PBXBuildFile; fileRef = 0316DE361BCC235500A62E9F /* single83suffix.png */; settings = {ASSET_TAGS = (); }; };
		0316DE9C1BCC235500A62E9F /* single84suffix.png in Resources */ = {isa = PBXBuildFile; fileRef = 0316DE371BCC235500A62E9F /* single84suffix.png */; settings = {ASSET_TAGS = (); }; };
		0316DE9D1BCC235500A62E9F /* single85suffix.png in Resources */ = {isa = PBXBuildFile; fileRef = 0316DE381BCC235500A62E9F /* single85suffix.png */; settings = {ASSET_TAGS = (); }; };
		0316DE9E1BCC235500A62E9F /* single86suffix.png in Resources */ = {isa = PBXBuildFile; fileRef = 0316DE391BCC235500A62E9F /* single86suffix.png */; settings = {ASSET_TAGS = (); }; };
		0316DE9F1BCC235500A62E9F /* single87suffix.png in Resources */ = {isa = PBXBuildFile; fileRef = 0316DE3A1BCC235500A62E9F /* single87suffix.png */; settings = {ASSET_TAGS = (); }; };
		0316DEA01BCC235500A62E9F /* single88suffix.png in Resources */ = {isa = PBXBuildFile; fileRef = 0316DE3B1BCC235500A62E9F /* single88suffix.png */; settings = {ASSET_TAGS = (); }; };
		0316DEA11BCC235500A62E9F /* single89suffix.png in Resources */ = {isa = PBXBuildFile; fileRef = 0316DE3C1BCC235500A62E9F /* single89suffix.png */; settings = {ASSET_TAGS = (); }; };
		0316DEA21BCC235500A62E9F /* single8suffix.png in Resources */ = {isa = PBXBuildFile; fileRef = 0316DE3D1BCC235500A62E9F /* single8suffix.png */; settings = {ASSET_TAGS = (); }; };
		0316DEA31BCC235500A62E9F /* single90suffix.png in Resources */ = {isa = PBXBuildFile; fileRef = 0316DE3E1BCC235500A62E9F /* single90suffix.png */; settings = {ASSET_TAGS = (); }; };
		0316DEA41BCC235500A62E9F /* single91suffix.png in Resources */ = {isa = PBXBuildFile; fileRef = 0316DE3F1BCC235500A62E9F /* single91suffix.png */; settings = {ASSET_TAGS = (); }; };
		0316DEA51BCC235500A62E9F /* single92suffix.png in Resources */ = {isa = PBXBuildFile; fileRef = 0316DE401BCC235500A62E9F /* single92suffix.png */; settings = {ASSET_TAGS = (); }; };
		0316DEA61BCC235500A62E9F /* single93suffix.png in Resources */ = {isa = PBXBuildFile; fileRef = 0316DE411BCC235500A62E9F /* single93suffix.png */; settings = {ASSET_TAGS = (); }; };
		0316DEA71BCC235500A62E9F /* single94suffix.png in Resources */ = {isa = PBXBuildFile; fileRef = 0316DE421BCC235500A62E9F /* single94suffix.png */; settings = {ASSET_TAGS = (); }; };
		0316DEA81BCC235500A62E9F /* single95suffix.png in Resources */ = {isa = PBXBuildFile; fileRef = 0316DE431BCC235500A62E9F /* single95suffix.png */; settings = {ASSET_TAGS = (); }; };
		0316DEA91BCC235500A62E9F /* single96suffix.png in Resources */ = {isa = PBXBuildFile; fileRef = 0316DE441BCC235500A62E9F /* single96suffix.png */; settings = {ASSET_TAGS = (); }; };
		0316DEAA1BCC235500A62E9F /* single97suffix.png in Resources */ = {isa = PBXBuildFile; fileRef = 0316DE451BCC235500A62E9F /* single97suffix.png */; settings = {ASSET_TAGS = (); }; };
		0316DEAB1BCC235500A62E9F /* single98suffix.png in Resources */ = {isa = PBXBuildFile; fileRef = 0316DE461BCC235500A62E9F /* single98suffix.png */; settings = {ASSET_TAGS = (); }; };
		0316DEAC1BCC235500A62E9F /* single99suffix.png in Resources */ = {isa = PBXBuildFile; fileRef = 0316DE471BCC235500A62E9F /* single99suffix.png */; settings = {ASSET_TAGS = (); }; };
		0316DEAD1BCC235500A62E9F /* single9suffix.png in Resources */ = {isa = PBXBuildFile; fileRef = 0316DE481BCC235500A62E9F /* single9suffix.png */; settings = {ASSET_TAGS = (); }; };
		03A066C01BCC182000CB3F44 /* InterfaceController.m in Sources */ = {isa = PBXBuildFile; fileRef = 03A066BF1BCC182000CB3F44 /* InterfaceController.m */; };
		03A066C31BCC182000CB3F44 /* NotificationController.m in Sources */ = {isa = PBXBuildFile; fileRef = 03A066C21BCC182000CB3F44 /* NotificationController.m */; };
		03A066C51BCC182000CB3F44 /* Assets.xcassets in Resources */ = {isa = PBXBuildFile; fileRef = 03A066C41BCC182000CB3F44 /* Assets.xcassets */; };
		03A066CA1BCC182000CB3F44 /* Upgrade WatchKit 1 App.app in Resources */ = {isa = PBXBuildFile; fileRef = 03A066C91BCC182000CB3F44 /* Upgrade WatchKit 1 App.app */; };
		03A066D01BCC182000CB3F44 /* Interface.storyboard in Resources */ = {isa = PBXBuildFile; fileRef = 03A066CE1BCC182000CB3F44 /* Interface.storyboard */; };
		03A066D21BCC182000CB3F44 /* Assets.xcassets in Resources */ = {isa = PBXBuildFile; fileRef = 03A066D11BCC182000CB3F44 /* Assets.xcassets */; };
		03A066D61BCC182000CB3F44 /* Upgrade WatchKit 1 Extension.appex in Embed App Extensions */ = {isa = PBXBuildFile; fileRef = 03A066BA1BCC182000CB3F44 /* Upgrade WatchKit 1 Extension.appex */; settings = {ATTRIBUTES = (RemoveHeadersOnCopy, ); }; };
		03A066E01BCC186200CB3F44 /* SecondPageController.m in Sources */ = {isa = PBXBuildFile; fileRef = 03A066DF1BCC186200CB3F44 /* SecondPageController.m */; settings = {ASSET_TAGS = (); }; };
		03D11CF71BCC17F300B9F1B4 /* main.m in Sources */ = {isa = PBXBuildFile; fileRef = 03D11CF61BCC17F300B9F1B4 /* main.m */; };
		03D11CFA1BCC17F300B9F1B4 /* AppDelegate.m in Sources */ = {isa = PBXBuildFile; fileRef = 03D11CF91BCC17F300B9F1B4 /* AppDelegate.m */; };
		03D11CFD1BCC17F300B9F1B4 /* ViewController.m in Sources */ = {isa = PBXBuildFile; fileRef = 03D11CFC1BCC17F300B9F1B4 /* ViewController.m */; };
		03D11D001BCC17F300B9F1B4 /* Main.storyboard in Resources */ = {isa = PBXBuildFile; fileRef = 03D11CFE1BCC17F300B9F1B4 /* Main.storyboard */; };
		03D11D021BCC17F300B9F1B4 /* Assets.xcassets in Resources */ = {isa = PBXBuildFile; fileRef = 03D11D011BCC17F300B9F1B4 /* Assets.xcassets */; };
		03D11D051BCC17F300B9F1B4 /* LaunchScreen.storyboard in Resources */ = {isa = PBXBuildFile; fileRef = 03D11D031BCC17F300B9F1B4 /* LaunchScreen.storyboard */; };
/* End PBXBuildFile section */

/* Begin PBXContainerItemProxy section */
		03A066CB1BCC182000CB3F44 /* PBXContainerItemProxy */ = {
			isa = PBXContainerItemProxy;
			containerPortal = 03D11CEA1BCC17F300B9F1B4 /* Project object */;
			proxyType = 1;
			remoteGlobalIDString = 03A066C81BCC182000CB3F44;
			remoteInfo = "Upgrade WatchKit 1 App";
		};
		03A066D41BCC182000CB3F44 /* PBXContainerItemProxy */ = {
			isa = PBXContainerItemProxy;
			containerPortal = 03D11CEA1BCC17F300B9F1B4 /* Project object */;
			proxyType = 1;
			remoteGlobalIDString = 03A066B91BCC182000CB3F44;
			remoteInfo = "Upgrade WatchKit 1 Extension";
		};
/* End PBXContainerItemProxy section */

/* Begin PBXCopyFilesBuildPhase section */
		03A066DD1BCC182000CB3F44 /* Embed App Extensions */ = {
			isa = PBXCopyFilesBuildPhase;
			buildActionMask = 2147483647;
			dstPath = "";
			dstSubfolderSpec = 13;
			files = (
				03A066D61BCC182000CB3F44 /* Upgrade WatchKit 1 Extension.appex in Embed App Extensions */,
			);
			name = "Embed App Extensions";
			runOnlyForDeploymentPostprocessing = 0;
		};
/* End PBXCopyFilesBuildPhase section */

/* Begin PBXFileReference section */
		0316DDE41BCC235500A62E9F /* single0suffix.png */ = {isa = PBXFileReference; lastKnownFileType = image.png; path = single0suffix.png; sourceTree = "<group>"; };
		0316DDE51BCC235500A62E9F /* single100suffix.png */ = {isa = PBXFileReference; lastKnownFileType = image.png; path = single100suffix.png; sourceTree = "<group>"; };
		0316DDE61BCC235500A62E9F /* single10suffix.png */ = {isa = PBXFileReference; lastKnownFileType = image.png; path = single10suffix.png; sourceTree = "<group>"; };
		0316DDE71BCC235500A62E9F /* single11suffix.png */ = {isa = PBXFileReference; lastKnownFileType = image.png; path = single11suffix.png; sourceTree = "<group>"; };
		0316DDE81BCC235500A62E9F /* single12suffix.png */ = {isa = PBXFileReference; lastKnownFileType = image.png; path = single12suffix.png; sourceTree = "<group>"; };
		0316DDE91BCC235500A62E9F /* single13suffix.png */ = {isa = PBXFileReference; lastKnownFileType = image.png; path = single13suffix.png; sourceTree = "<group>"; };
		0316DDEA1BCC235500A62E9F /* single14suffix.png */ = {isa = PBXFileReference; lastKnownFileType = image.png; path = single14suffix.png; sourceTree = "<group>"; };
		0316DDEB1BCC235500A62E9F /* single15suffix.png */ = {isa = PBXFileReference; lastKnownFileType = image.png; path = single15suffix.png; sourceTree = "<group>"; };
		0316DDEC1BCC235500A62E9F /* single16suffix.png */ = {isa = PBXFileReference; lastKnownFileType = image.png; path = single16suffix.png; sourceTree = "<group>"; };
		0316DDED1BCC235500A62E9F /* single17suffix.png */ = {isa = PBXFileReference; lastKnownFileType = image.png; path = single17suffix.png; sourceTree = "<group>"; };
		0316DDEE1BCC235500A62E9F /* single18suffix.png */ = {isa = PBXFileReference; lastKnownFileType = image.png; path = single18suffix.png; sourceTree = "<group>"; };
		0316DDEF1BCC235500A62E9F /* single19suffix.png */ = {isa = PBXFileReference; lastKnownFileType = image.png; path = single19suffix.png; sourceTree = "<group>"; };
		0316DDF01BCC235500A62E9F /* single1suffix.png */ = {isa = PBXFileReference; lastKnownFileType = image.png; path = single1suffix.png; sourceTree = "<group>"; };
		0316DDF11BCC235500A62E9F /* single20suffix.png */ = {isa = PBXFileReference; lastKnownFileType = image.png; path = single20suffix.png; sourceTree = "<group>"; };
		0316DDF21BCC235500A62E9F /* single21suffix.png */ = {isa = PBXFileReference; lastKnownFileType = image.png; path = single21suffix.png; sourceTree = "<group>"; };
		0316DDF31BCC235500A62E9F /* single22suffix.png */ = {isa = PBXFileReference; lastKnownFileType = image.png; path = single22suffix.png; sourceTree = "<group>"; };
		0316DDF41BCC235500A62E9F /* single23suffix.png */ = {isa = PBXFileReference; lastKnownFileType = image.png; path = single23suffix.png; sourceTree = "<group>"; };
		0316DDF51BCC235500A62E9F /* single24suffix.png */ = {isa = PBXFileReference; lastKnownFileType = image.png; path = single24suffix.png; sourceTree = "<group>"; };
		0316DDF61BCC235500A62E9F /* single25suffix.png */ = {isa = PBXFileReference; lastKnownFileType = image.png; path = single25suffix.png; sourceTree = "<group>"; };
		0316DDF71BCC235500A62E9F /* single26suffix.png */ = {isa = PBXFileReference; lastKnownFileType = image.png; path = single26suffix.png; sourceTree = "<group>"; };
		0316DDF81BCC235500A62E9F /* single27suffix.png */ = {isa = PBXFileReference; lastKnownFileType = image.png; path = single27suffix.png; sourceTree = "<group>"; };
		0316DDF91BCC235500A62E9F /* single28suffix.png */ = {isa = PBXFileReference; lastKnownFileType = image.png; path = single28suffix.png; sourceTree = "<group>"; };
		0316DDFA1BCC235500A62E9F /* single29suffix.png */ = {isa = PBXFileReference; lastKnownFileType = image.png; path = single29suffix.png; sourceTree = "<group>"; };
		0316DDFB1BCC235500A62E9F /* single2suffix.png */ = {isa = PBXFileReference; lastKnownFileType = image.png; path = single2suffix.png; sourceTree = "<group>"; };
		0316DDFC1BCC235500A62E9F /* single30suffix.png */ = {isa = PBXFileReference; lastKnownFileType = image.png; path = single30suffix.png; sourceTree = "<group>"; };
		0316DDFD1BCC235500A62E9F /* single31suffix.png */ = {isa = PBXFileReference; lastKnownFileType = image.png; path = single31suffix.png; sourceTree = "<group>"; };
		0316DDFE1BCC235500A62E9F /* single32suffix.png */ = {isa = PBXFileReference; lastKnownFileType = image.png; path = single32suffix.png; sourceTree = "<group>"; };
		0316DDFF1BCC235500A62E9F /* single33suffix.png */ = {isa = PBXFileReference; lastKnownFileType = image.png; path = single33suffix.png; sourceTree = "<group>"; };
		0316DE001BCC235500A62E9F /* single34suffix.png */ = {isa = PBXFileReference; lastKnownFileType = image.png; path = single34suffix.png; sourceTree = "<group>"; };
		0316DE011BCC235500A62E9F /* single35suffix.png */ = {isa = PBXFileReference; lastKnownFileType = image.png; path = single35suffix.png; sourceTree = "<group>"; };
		0316DE021BCC235500A62E9F /* single36suffix.png */ = {isa = PBXFileReference; lastKnownFileType = image.png; path = single36suffix.png; sourceTree = "<group>"; };
		0316DE031BCC235500A62E9F /* single37suffix.png */ = {isa = PBXFileReference; lastKnownFileType = image.png; path = single37suffix.png; sourceTree = "<group>"; };
		0316DE041BCC235500A62E9F /* single38suffix.png */ = {isa = PBXFileReference; lastKnownFileType = image.png; path = single38suffix.png; sourceTree = "<group>"; };
		0316DE051BCC235500A62E9F /* single39suffix.png */ = {isa = PBXFileReference; lastKnownFileType = image.png; path = single39suffix.png; sourceTree = "<group>"; };
		0316DE061BCC235500A62E9F /* single3suffix.png */ = {isa = PBXFileReference; lastKnownFileType = image.png; path = single3suffix.png; sourceTree = "<group>"; };
		0316DE071BCC235500A62E9F /* single40suffix.png */ = {isa = PBXFileReference; lastKnownFileType = image.png; path = single40suffix.png; sourceTree = "<group>"; };
		0316DE081BCC235500A62E9F /* single41suffix.png */ = {isa = PBXFileReference; lastKnownFileType = image.png; path = single41suffix.png; sourceTree = "<group>"; };
		0316DE091BCC235500A62E9F /* single42suffix.png */ = {isa = PBXFileReference; lastKnownFileType = image.png; path = single42suffix.png; sourceTree = "<group>"; };
		0316DE0A1BCC235500A62E9F /* single43suffix.png */ = {isa = PBXFileReference; lastKnownFileType = image.png; path = single43suffix.png; sourceTree = "<group>"; };
		0316DE0B1BCC235500A62E9F /* single44suffix.png */ = {isa = PBXFileReference; lastKnownFileType = image.png; path = single44suffix.png; sourceTree = "<group>"; };
		0316DE0C1BCC235500A62E9F /* single45suffix.png */ = {isa = PBXFileReference; lastKnownFileType = image.png; path = single45suffix.png; sourceTree = "<group>"; };
		0316DE0D1BCC235500A62E9F /* single46suffix.png */ = {isa = PBXFileReference; lastKnownFileType = image.png; path = single46suffix.png; sourceTree = "<group>"; };
		0316DE0E1BCC235500A62E9F /* single47suffix.png */ = {isa = PBXFileReference; lastKnownFileType = image.png; path = single47suffix.png; sourceTree = "<group>"; };
		0316DE0F1BCC235500A62E9F /* single48suffix.png */ = {isa = PBXFileReference; lastKnownFileType = image.png; path = single48suffix.png; sourceTree = "<group>"; };
		0316DE101BCC235500A62E9F /* single49suffix.png */ = {isa = PBXFileReference; lastKnownFileType = image.png; path = single49suffix.png; sourceTree = "<group>"; };
		0316DE111BCC235500A62E9F /* single4suffix.png */ = {isa = PBXFileReference; lastKnownFileType = image.png; path = single4suffix.png; sourceTree = "<group>"; };
		0316DE121BCC235500A62E9F /* single50suffix.png */ = {isa = PBXFileReference; lastKnownFileType = image.png; path = single50suffix.png; sourceTree = "<group>"; };
		0316DE131BCC235500A62E9F /* single51suffix.png */ = {isa = PBXFileReference; lastKnownFileType = image.png; path = single51suffix.png; sourceTree = "<group>"; };
		0316DE141BCC235500A62E9F /* single52suffix.png */ = {isa = PBXFileReference; lastKnownFileType = image.png; path = single52suffix.png; sourceTree = "<group>"; };
		0316DE151BCC235500A62E9F /* single53suffix.png */ = {isa = PBXFileReference; lastKnownFileType = image.png; path = single53suffix.png; sourceTree = "<group>"; };
		0316DE161BCC235500A62E9F /* single54suffix.png */ = {isa = PBXFileReference; lastKnownFileType = image.png; path = single54suffix.png; sourceTree = "<group>"; };
		0316DE171BCC235500A62E9F /* single55suffix.png */ = {isa = PBXFileReference; lastKnownFileType = image.png; path = single55suffix.png; sourceTree = "<group>"; };
		0316DE181BCC235500A62E9F /* single56suffix.png */ = {isa = PBXFileReference; lastKnownFileType = image.png; path = single56suffix.png; sourceTree = "<group>"; };
		0316DE191BCC235500A62E9F /* single57suffix.png */ = {isa = PBXFileReference; lastKnownFileType = image.png; path = single57suffix.png; sourceTree = "<group>"; };
		0316DE1A1BCC235500A62E9F /* single58suffix.png */ = {isa = PBXFileReference; lastKnownFileType = image.png; path = single58suffix.png; sourceTree = "<group>"; };
		0316DE1B1BCC235500A62E9F /* single59suffix.png */ = {isa = PBXFileReference; lastKnownFileType = image.png; path = single59suffix.png; sourceTree = "<group>"; };
		0316DE1C1BCC235500A62E9F /* single5suffix.png */ = {isa = PBXFileReference; lastKnownFileType = image.png; path = single5suffix.png; sourceTree = "<group>"; };
		0316DE1D1BCC235500A62E9F /* single60suffix.png */ = {isa = PBXFileReference; lastKnownFileType = image.png; path = single60suffix.png; sourceTree = "<group>"; };
		0316DE1E1BCC235500A62E9F /* single61suffix.png */ = {isa = PBXFileReference; lastKnownFileType = image.png; path = single61suffix.png; sourceTree = "<group>"; };
		0316DE1F1BCC235500A62E9F /* single62suffix.png */ = {isa = PBXFileReference; lastKnownFileType = image.png; path = single62suffix.png; sourceTree = "<group>"; };
		0316DE201BCC235500A62E9F /* single63suffix.png */ = {isa = PBXFileReference; lastKnownFileType = image.png; path = single63suffix.png; sourceTree = "<group>"; };
		0316DE211BCC235500A62E9F /* single64suffix.png */ = {isa = PBXFileReference; lastKnownFileType = image.png; path = single64suffix.png; sourceTree = "<group>"; };
		0316DE221BCC235500A62E9F /* single65suffix.png */ = {isa = PBXFileReference; lastKnownFileType = image.png; path = single65suffix.png; sourceTree = "<group>"; };
		0316DE231BCC235500A62E9F /* single66suffix.png */ = {isa = PBXFileReference; lastKnownFileType = image.png; path = single66suffix.png; sourceTree = "<group>"; };
		0316DE241BCC235500A62E9F /* single67suffix.png */ = {isa = PBXFileReference; lastKnownFileType = image.png; path = single67suffix.png; sourceTree = "<group>"; };
		0316DE251BCC235500A62E9F /* single68suffix.png */ = {isa = PBXFileReference; lastKnownFileType = image.png; path = single68suffix.png; sourceTree = "<group>"; };
		0316DE261BCC235500A62E9F /* single69suffix.png */ = {isa = PBXFileReference; lastKnownFileType = image.png; path = single69suffix.png; sourceTree = "<group>"; };
		0316DE271BCC235500A62E9F /* single6suffix.png */ = {isa = PBXFileReference; lastKnownFileType = image.png; path = single6suffix.png; sourceTree = "<group>"; };
		0316DE281BCC235500A62E9F /* single70suffix.png */ = {isa = PBXFileReference; lastKnownFileType = image.png; path = single70suffix.png; sourceTree = "<group>"; };
		0316DE291BCC235500A62E9F /* single71suffix.png */ = {isa = PBXFileReference; lastKnownFileType = image.png; path = single71suffix.png; sourceTree = "<group>"; };
		0316DE2A1BCC235500A62E9F /* single72suffix.png */ = {isa = PBXFileReference; lastKnownFileType = image.png; path = single72suffix.png; sourceTree = "<group>"; };
		0316DE2B1BCC235500A62E9F /* single73suffix.png */ = {isa = PBXFileReference; lastKnownFileType = image.png; path = single73suffix.png; sourceTree = "<group>"; };
		0316DE2C1BCC235500A62E9F /* single74suffix.png */ = {isa = PBXFileReference; lastKnownFileType = image.png; path = single74suffix.png; sourceTree = "<group>"; };
		0316DE2D1BCC235500A62E9F /* single75suffix.png */ = {isa = PBXFileReference; lastKnownFileType = image.png; path = single75suffix.png; sourceTree = "<group>"; };
		0316DE2E1BCC235500A62E9F /* single76suffix.png */ = {isa = PBXFileReference; lastKnownFileType = image.png; path = single76suffix.png; sourceTree = "<group>"; };
		0316DE2F1BCC235500A62E9F /* single77suffix.png */ = {isa = PBXFileReference; lastKnownFileType = image.png; path = single77suffix.png; sourceTree = "<group>"; };
		0316DE301BCC235500A62E9F /* single78suffix.png */ = {isa = PBXFileReference; lastKnownFileType = image.png; path = single78suffix.png; sourceTree = "<group>"; };
		0316DE311BCC235500A62E9F /* single79suffix.png */ = {isa = PBXFileReference; lastKnownFileType = image.png; path = single79suffix.png; sourceTree = "<group>"; };
		0316DE321BCC235500A62E9F /* single7suffix.png */ = {isa = PBXFileReference; lastKnownFileType = image.png; path = single7suffix.png; sourceTree = "<group>"; };
		0316DE331BCC235500A62E9F /* single80suffix.png */ = {isa = PBXFileReference; lastKnownFileType = image.png; path = single80suffix.png; sourceTree = "<group>"; };
		0316DE341BCC235500A62E9F /* single81suffix.png */ = {isa = PBXFileReference; lastKnownFileType = image.png; path = single81suffix.png; sourceTree = "<group>"; };
		0316DE351BCC235500A62E9F /* single82suffix.png */ = {isa = PBXFileReference; lastKnownFileType = image.png; path = single82suffix.png; sourceTree = "<group>"; };
		0316DE361BCC235500A62E9F /* single83suffix.png */ = {isa = PBXFileReference; lastKnownFileType = image.png; path = single83suffix.png; sourceTree = "<group>"; };
		0316DE371BCC235500A62E9F /* single84suffix.png */ = {isa = PBXFileReference; lastKnownFileType = image.png; path = single84suffix.png; sourceTree = "<group>"; };
		0316DE381BCC235500A62E9F /* single85suffix.png */ = {isa = PBXFileReference; lastKnownFileType = image.png; path = single85suffix.png; sourceTree = "<group>"; };
		0316DE391BCC235500A62E9F /* single86suffix.png */ = {isa = PBXFileReference; lastKnownFileType = image.png; path = single86suffix.png; sourceTree = "<group>"; };
		0316DE3A1BCC235500A62E9F /* single87suffix.png */ = {isa = PBXFileReference; lastKnownFileType = image.png; path = single87suffix.png; sourceTree = "<group>"; };
		0316DE3B1BCC235500A62E9F /* single88suffix.png */ = {isa = PBXFileReference; lastKnownFileType = image.png; path = single88suffix.png; sourceTree = "<group>"; };
		0316DE3C1BCC235500A62E9F /* single89suffix.png */ = {isa = PBXFileReference; lastKnownFileType = image.png; path = single89suffix.png; sourceTree = "<group>"; };
		0316DE3D1BCC235500A62E9F /* single8suffix.png */ = {isa = PBXFileReference; lastKnownFileType = image.png; path = single8suffix.png; sourceTree = "<group>"; };
		0316DE3E1BCC235500A62E9F /* single90suffix.png */ = {isa = PBXFileReference; lastKnownFileType = image.png; path = single90suffix.png; sourceTree = "<group>"; };
		0316DE3F1BCC235500A62E9F /* single91suffix.png */ = {isa = PBXFileReference; lastKnownFileType = image.png; path = single91suffix.png; sourceTree = "<group>"; };
		0316DE401BCC235500A62E9F /* single92suffix.png */ = {isa = PBXFileReference; lastKnownFileType = image.png; path = single92suffix.png; sourceTree = "<group>"; };
		0316DE411BCC235500A62E9F /* single93suffix.png */ = {isa = PBXFileReference; lastKnownFileType = image.png; path = single93suffix.png; sourceTree = "<group>"; };
		0316DE421BCC235500A62E9F /* single94suffix.png */ = {isa = PBXFileReference; lastKnownFileType = image.png; path = single94suffix.png; sourceTree = "<group>"; };
		0316DE431BCC235500A62E9F /* single95suffix.png */ = {isa = PBXFileReference; lastKnownFileType = image.png; path = single95suffix.png; sourceTree = "<group>"; };
		0316DE441BCC235500A62E9F /* single96suffix.png */ = {isa = PBXFileReference; lastKnownFileType = image.png; path = single96suffix.png; sourceTree = "<group>"; };
		0316DE451BCC235500A62E9F /* single97suffix.png */ = {isa = PBXFileReference; lastKnownFileType = image.png; path = single97suffix.png; sourceTree = "<group>"; };
		0316DE461BCC235500A62E9F /* single98suffix.png */ = {isa = PBXFileReference; lastKnownFileType = image.png; path = single98suffix.png; sourceTree = "<group>"; };
		0316DE471BCC235500A62E9F /* single99suffix.png */ = {isa = PBXFileReference; lastKnownFileType = image.png; path = single99suffix.png; sourceTree = "<group>"; };
		0316DE481BCC235500A62E9F /* single9suffix.png */ = {isa = PBXFileReference; lastKnownFileType = image.png; path = single9suffix.png; sourceTree = "<group>"; };
		03A066BA1BCC182000CB3F44 /* Upgrade WatchKit 1 Extension.appex */ = {isa = PBXFileReference; explicitFileType = "wrapper.app-extension"; includeInIndex = 0; path = "Upgrade WatchKit 1 Extension.appex"; sourceTree = BUILT_PRODUCTS_DIR; };
		03A066BD1BCC182000CB3F44 /* PushNotificationPayload.apns */ = {isa = PBXFileReference; lastKnownFileType = text; path = PushNotificationPayload.apns; sourceTree = "<group>"; };
		03A066BE1BCC182000CB3F44 /* InterfaceController.h */ = {isa = PBXFileReference; lastKnownFileType = sourcecode.c.h; path = InterfaceController.h; sourceTree = "<group>"; };
		03A066BF1BCC182000CB3F44 /* InterfaceController.m */ = {isa = PBXFileReference; lastKnownFileType = sourcecode.c.objc; path = InterfaceController.m; sourceTree = "<group>"; };
		03A066C11BCC182000CB3F44 /* NotificationController.h */ = {isa = PBXFileReference; lastKnownFileType = sourcecode.c.h; path = NotificationController.h; sourceTree = "<group>"; };
		03A066C21BCC182000CB3F44 /* NotificationController.m */ = {isa = PBXFileReference; lastKnownFileType = sourcecode.c.objc; path = NotificationController.m; sourceTree = "<group>"; };
		03A066C41BCC182000CB3F44 /* Assets.xcassets */ = {isa = PBXFileReference; lastKnownFileType = folder.assetcatalog; path = Assets.xcassets; sourceTree = "<group>"; };
		03A066C61BCC182000CB3F44 /* Info.plist */ = {isa = PBXFileReference; lastKnownFileType = text.plist.xml; path = Info.plist; sourceTree = "<group>"; };
		03A066C91BCC182000CB3F44 /* Upgrade WatchKit 1 App.app */ = {isa = PBXFileReference; explicitFileType = wrapper.application; includeInIndex = 0; path = "Upgrade WatchKit 1 App.app"; sourceTree = BUILT_PRODUCTS_DIR; };
		03A066CF1BCC182000CB3F44 /* Base */ = {isa = PBXFileReference; lastKnownFileType = file.storyboard; name = Base; path = Base.lproj/Interface.storyboard; sourceTree = "<group>"; };
		03A066D11BCC182000CB3F44 /* Assets.xcassets */ = {isa = PBXFileReference; lastKnownFileType = folder.assetcatalog; path = Assets.xcassets; sourceTree = "<group>"; };
		03A066D31BCC182000CB3F44 /* Info.plist */ = {isa = PBXFileReference; lastKnownFileType = text.plist.xml; path = Info.plist; sourceTree = "<group>"; };
		03A066DE1BCC186200CB3F44 /* SecondPageController.h */ = {isa = PBXFileReference; fileEncoding = 4; lastKnownFileType = sourcecode.c.h; path = SecondPageController.h; sourceTree = "<group>"; };
		03A066DF1BCC186200CB3F44 /* SecondPageController.m */ = {isa = PBXFileReference; fileEncoding = 4; lastKnownFileType = sourcecode.c.objc; path = SecondPageController.m; sourceTree = "<group>"; };
		03D11CF21BCC17F300B9F1B4 /* Upgrade.app */ = {isa = PBXFileReference; explicitFileType = wrapper.application; includeInIndex = 0; path = Upgrade.app; sourceTree = BUILT_PRODUCTS_DIR; };
		03D11CF61BCC17F300B9F1B4 /* main.m */ = {isa = PBXFileReference; lastKnownFileType = sourcecode.c.objc; path = main.m; sourceTree = "<group>"; };
		03D11CF81BCC17F300B9F1B4 /* AppDelegate.h */ = {isa = PBXFileReference; lastKnownFileType = sourcecode.c.h; path = AppDelegate.h; sourceTree = "<group>"; };
		03D11CF91BCC17F300B9F1B4 /* AppDelegate.m */ = {isa = PBXFileReference; lastKnownFileType = sourcecode.c.objc; path = AppDelegate.m; sourceTree = "<group>"; };
		03D11CFB1BCC17F300B9F1B4 /* ViewController.h */ = {isa = PBXFileReference; lastKnownFileType = sourcecode.c.h; path = ViewController.h; sourceTree = "<group>"; };
		03D11CFC1BCC17F300B9F1B4 /* ViewController.m */ = {isa = PBXFileReference; lastKnownFileType = sourcecode.c.objc; path = ViewController.m; sourceTree = "<group>"; };
		03D11CFF1BCC17F300B9F1B4 /* Base */ = {isa = PBXFileReference; lastKnownFileType = file.storyboard; name = Base; path = Base.lproj/Main.storyboard; sourceTree = "<group>"; };
		03D11D011BCC17F300B9F1B4 /* Assets.xcassets */ = {isa = PBXFileReference; lastKnownFileType = folder.assetcatalog; path = Assets.xcassets; sourceTree = "<group>"; };
		03D11D041BCC17F300B9F1B4 /* Base */ = {isa = PBXFileReference; lastKnownFileType = file.storyboard; name = Base; path = Base.lproj/LaunchScreen.storyboard; sourceTree = "<group>"; };
		03D11D061BCC17F300B9F1B4 /* Info.plist */ = {isa = PBXFileReference; lastKnownFileType = text.plist.xml; path = Info.plist; sourceTree = "<group>"; };
/* End PBXFileReference section */

/* Begin PBXFrameworksBuildPhase section */
		03A066B71BCC182000CB3F44 /* Frameworks */ = {
			isa = PBXFrameworksBuildPhase;
			buildActionMask = 2147483647;
			files = (
			);
			runOnlyForDeploymentPostprocessing = 0;
		};
		03D11CEF1BCC17F300B9F1B4 /* Frameworks */ = {
			isa = PBXFrameworksBuildPhase;
			buildActionMask = 2147483647;
			files = (
			);
			runOnlyForDeploymentPostprocessing = 0;
		};
/* End PBXFrameworksBuildPhase section */

/* Begin PBXGroup section */
		0316DDE31BCC235500A62E9F /* images */ = {
			isa = PBXGroup;
			children = (
				0316DDE41BCC235500A62E9F /* single0suffix.png */,
				0316DDE51BCC235500A62E9F /* single100suffix.png */,
				0316DDE61BCC235500A62E9F /* single10suffix.png */,
				0316DDE71BCC235500A62E9F /* single11suffix.png */,
				0316DDE81BCC235500A62E9F /* single12suffix.png */,
				0316DDE91BCC235500A62E9F /* single13suffix.png */,
				0316DDEA1BCC235500A62E9F /* single14suffix.png */,
				0316DDEB1BCC235500A62E9F /* single15suffix.png */,
				0316DDEC1BCC235500A62E9F /* single16suffix.png */,
				0316DDED1BCC235500A62E9F /* single17suffix.png */,
				0316DDEE1BCC235500A62E9F /* single18suffix.png */,
				0316DDEF1BCC235500A62E9F /* single19suffix.png */,
				0316DDF01BCC235500A62E9F /* single1suffix.png */,
				0316DDF11BCC235500A62E9F /* single20suffix.png */,
				0316DDF21BCC235500A62E9F /* single21suffix.png */,
				0316DDF31BCC235500A62E9F /* single22suffix.png */,
				0316DDF41BCC235500A62E9F /* single23suffix.png */,
				0316DDF51BCC235500A62E9F /* single24suffix.png */,
				0316DDF61BCC235500A62E9F /* single25suffix.png */,
				0316DDF71BCC235500A62E9F /* single26suffix.png */,
				0316DDF81BCC235500A62E9F /* single27suffix.png */,
				0316DDF91BCC235500A62E9F /* single28suffix.png */,
				0316DDFA1BCC235500A62E9F /* single29suffix.png */,
				0316DDFB1BCC235500A62E9F /* single2suffix.png */,
				0316DDFC1BCC235500A62E9F /* single30suffix.png */,
				0316DDFD1BCC235500A62E9F /* single31suffix.png */,
				0316DDFE1BCC235500A62E9F /* single32suffix.png */,
				0316DDFF1BCC235500A62E9F /* single33suffix.png */,
				0316DE001BCC235500A62E9F /* single34suffix.png */,
				0316DE011BCC235500A62E9F /* single35suffix.png */,
				0316DE021BCC235500A62E9F /* single36suffix.png */,
				0316DE031BCC235500A62E9F /* single37suffix.png */,
				0316DE041BCC235500A62E9F /* single38suffix.png */,
				0316DE051BCC235500A62E9F /* single39suffix.png */,
				0316DE061BCC235500A62E9F /* single3suffix.png */,
				0316DE071BCC235500A62E9F /* single40suffix.png */,
				0316DE081BCC235500A62E9F /* single41suffix.png */,
				0316DE091BCC235500A62E9F /* single42suffix.png */,
				0316DE0A1BCC235500A62E9F /* single43suffix.png */,
				0316DE0B1BCC235500A62E9F /* single44suffix.png */,
				0316DE0C1BCC235500A62E9F /* single45suffix.png */,
				0316DE0D1BCC235500A62E9F /* single46suffix.png */,
				0316DE0E1BCC235500A62E9F /* single47suffix.png */,
				0316DE0F1BCC235500A62E9F /* single48suffix.png */,
				0316DE101BCC235500A62E9F /* single49suffix.png */,
				0316DE111BCC235500A62E9F /* single4suffix.png */,
				0316DE121BCC235500A62E9F /* single50suffix.png */,
				0316DE131BCC235500A62E9F /* single51suffix.png */,
				0316DE141BCC235500A62E9F /* single52suffix.png */,
				0316DE151BCC235500A62E9F /* single53suffix.png */,
				0316DE161BCC235500A62E9F /* single54suffix.png */,
				0316DE171BCC235500A62E9F /* single55suffix.png */,
				0316DE181BCC235500A62E9F /* single56suffix.png */,
				0316DE191BCC235500A62E9F /* single57suffix.png */,
				0316DE1A1BCC235500A62E9F /* single58suffix.png */,
				0316DE1B1BCC235500A62E9F /* single59suffix.png */,
				0316DE1C1BCC235500A62E9F /* single5suffix.png */,
				0316DE1D1BCC235500A62E9F /* single60suffix.png */,
				0316DE1E1BCC235500A62E9F /* single61suffix.png */,
				0316DE1F1BCC235500A62E9F /* single62suffix.png */,
				0316DE201BCC235500A62E9F /* single63suffix.png */,
				0316DE211BCC235500A62E9F /* single64suffix.png */,
				0316DE221BCC235500A62E9F /* single65suffix.png */,
				0316DE231BCC235500A62E9F /* single66suffix.png */,
				0316DE241BCC235500A62E9F /* single67suffix.png */,
				0316DE251BCC235500A62E9F /* single68suffix.png */,
				0316DE261BCC235500A62E9F /* single69suffix.png */,
				0316DE271BCC235500A62E9F /* single6suffix.png */,
				0316DE281BCC235500A62E9F /* single70suffix.png */,
				0316DE291BCC235500A62E9F /* single71suffix.png */,
				0316DE2A1BCC235500A62E9F /* single72suffix.png */,
				0316DE2B1BCC235500A62E9F /* single73suffix.png */,
				0316DE2C1BCC235500A62E9F /* single74suffix.png */,
				0316DE2D1BCC235500A62E9F /* single75suffix.png */,
				0316DE2E1BCC235500A62E9F /* single76suffix.png */,
				0316DE2F1BCC235500A62E9F /* single77suffix.png */,
				0316DE301BCC235500A62E9F /* single78suffix.png */,
				0316DE311BCC235500A62E9F /* single79suffix.png */,
				0316DE321BCC235500A62E9F /* single7suffix.png */,
				0316DE331BCC235500A62E9F /* single80suffix.png */,
				0316DE341BCC235500A62E9F /* single81suffix.png */,
				0316DE351BCC235500A62E9F /* single82suffix.png */,
				0316DE361BCC235500A62E9F /* single83suffix.png */,
				0316DE371BCC235500A62E9F /* single84suffix.png */,
				0316DE381BCC235500A62E9F /* single85suffix.png */,
				0316DE391BCC235500A62E9F /* single86suffix.png */,
				0316DE3A1BCC235500A62E9F /* single87suffix.png */,
				0316DE3B1BCC235500A62E9F /* single88suffix.png */,
				0316DE3C1BCC235500A62E9F /* single89suffix.png */,
				0316DE3D1BCC235500A62E9F /* single8suffix.png */,
				0316DE3E1BCC235500A62E9F /* single90suffix.png */,
				0316DE3F1BCC235500A62E9F /* single91suffix.png */,
				0316DE401BCC235500A62E9F /* single92suffix.png */,
				0316DE411BCC235500A62E9F /* single93suffix.png */,
				0316DE421BCC235500A62E9F /* single94suffix.png */,
				0316DE431BCC235500A62E9F /* single95suffix.png */,
				0316DE441BCC235500A62E9F /* single96suffix.png */,
				0316DE451BCC235500A62E9F /* single97suffix.png */,
				0316DE461BCC235500A62E9F /* single98suffix.png */,
				0316DE471BCC235500A62E9F /* single99suffix.png */,
				0316DE481BCC235500A62E9F /* single9suffix.png */,
			);
			path = images;
			sourceTree = "<group>";
		};
		03A066BB1BCC182000CB3F44 /* Upgrade WatchKit 1 Extension */ = {
			isa = PBXGroup;
			children = (
				03A066BE1BCC182000CB3F44 /* InterfaceController.h */,
				03A066BF1BCC182000CB3F44 /* InterfaceController.m */,
				03A066DE1BCC186200CB3F44 /* SecondPageController.h */,
				03A066DF1BCC186200CB3F44 /* SecondPageController.m */,
				03A066C11BCC182000CB3F44 /* NotificationController.h */,
				03A066C21BCC182000CB3F44 /* NotificationController.m */,
				03A066C41BCC182000CB3F44 /* Assets.xcassets */,
				03A066C61BCC182000CB3F44 /* Info.plist */,
				0316DDE31BCC235500A62E9F /* images */,
				03A066BC1BCC182000CB3F44 /* Supporting Files */,
			);
			path = "Upgrade WatchKit 1 Extension";
			sourceTree = "<group>";
		};
		03A066BC1BCC182000CB3F44 /* Supporting Files */ = {
			isa = PBXGroup;
			children = (
				03A066BD1BCC182000CB3F44 /* PushNotificationPayload.apns */,
			);
			name = "Supporting Files";
			sourceTree = "<group>";
		};
		03A066CD1BCC182000CB3F44 /* Upgrade WatchKit 1 App */ = {
			isa = PBXGroup;
			children = (
				03A066CE1BCC182000CB3F44 /* Interface.storyboard */,
				03A066D11BCC182000CB3F44 /* Assets.xcassets */,
				03A066D31BCC182000CB3F44 /* Info.plist */,
			);
			path = "Upgrade WatchKit 1 App";
			sourceTree = "<group>";
		};
		03D11CE91BCC17F300B9F1B4 = {
			isa = PBXGroup;
			children = (
				03D11CF41BCC17F300B9F1B4 /* Upgrade */,
				03A066BB1BCC182000CB3F44 /* Upgrade WatchKit 1 Extension */,
				03A066CD1BCC182000CB3F44 /* Upgrade WatchKit 1 App */,
				03D11CF31BCC17F300B9F1B4 /* Products */,
			);
			sourceTree = "<group>";
		};
		03D11CF31BCC17F300B9F1B4 /* Products */ = {
			isa = PBXGroup;
			children = (
				03D11CF21BCC17F300B9F1B4 /* Upgrade.app */,
				03A066BA1BCC182000CB3F44 /* Upgrade WatchKit 1 Extension.appex */,
				03A066C91BCC182000CB3F44 /* Upgrade WatchKit 1 App.app */,
			);
			name = Products;
			sourceTree = "<group>";
		};
		03D11CF41BCC17F300B9F1B4 /* Upgrade */ = {
			isa = PBXGroup;
			children = (
				03D11CF81BCC17F300B9F1B4 /* AppDelegate.h */,
				03D11CF91BCC17F300B9F1B4 /* AppDelegate.m */,
				03D11CFB1BCC17F300B9F1B4 /* ViewController.h */,
				03D11CFC1BCC17F300B9F1B4 /* ViewController.m */,
				03D11CFE1BCC17F300B9F1B4 /* Main.storyboard */,
				03D11D011BCC17F300B9F1B4 /* Assets.xcassets */,
				03D11D031BCC17F300B9F1B4 /* LaunchScreen.storyboard */,
				03D11D061BCC17F300B9F1B4 /* Info.plist */,
				03D11CF51BCC17F300B9F1B4 /* Supporting Files */,
			);
			path = Upgrade;
			sourceTree = "<group>";
		};
		03D11CF51BCC17F300B9F1B4 /* Supporting Files */ = {
			isa = PBXGroup;
			children = (
				03D11CF61BCC17F300B9F1B4 /* main.m */,
			);
			name = "Supporting Files";
			sourceTree = "<group>";
		};
/* End PBXGroup section */

/* Begin PBXNativeTarget section */
		03A066B91BCC182000CB3F44 /* Upgrade WatchKit 1 Extension */ = {
			isa = PBXNativeTarget;
			buildConfigurationList = 03A066DC1BCC182000CB3F44 /* Build configuration list for PBXNativeTarget "Upgrade WatchKit 1 Extension" */;
			buildPhases = (
				03A066B61BCC182000CB3F44 /* Sources */,
				03A066B71BCC182000CB3F44 /* Frameworks */,
				03A066B81BCC182000CB3F44 /* Resources */,
			);
			buildRules = (
			);
			dependencies = (
				03A066CC1BCC182000CB3F44 /* PBXTargetDependency */,
			);
			name = "Upgrade WatchKit 1 Extension";
			productName = "Upgrade WatchKit 1 Extension";
			productReference = 03A066BA1BCC182000CB3F44 /* Upgrade WatchKit 1 Extension.appex */;
			productType = "com.apple.product-type.watchkit-extension";
		};
		03A066C81BCC182000CB3F44 /* Upgrade WatchKit 1 App */ = {
			isa = PBXNativeTarget;
			buildConfigurationList = 03A066DB1BCC182000CB3F44 /* Build configuration list for PBXNativeTarget "Upgrade WatchKit 1 App" */;
			buildPhases = (
				03A066C71BCC182000CB3F44 /* Resources */,
			);
			buildRules = (
			);
			dependencies = (
			);
			name = "Upgrade WatchKit 1 App";
			productName = "Upgrade WatchKit 1 App";
			productReference = 03A066C91BCC182000CB3F44 /* Upgrade WatchKit 1 App.app */;
			productType = "com.apple.product-type.application.watchapp";
		};
		03D11CF11BCC17F300B9F1B4 /* Upgrade */ = {
			isa = PBXNativeTarget;
			buildConfigurationList = 03D11D091BCC17F300B9F1B4 /* Build configuration list for PBXNativeTarget "Upgrade" */;
			buildPhases = (
				03D11CEE1BCC17F300B9F1B4 /* Sources */,
				03D11CEF1BCC17F300B9F1B4 /* Frameworks */,
				03D11CF01BCC17F300B9F1B4 /* Resources */,
				03A066DD1BCC182000CB3F44 /* Embed App Extensions */,
			);
			buildRules = (
			);
			dependencies = (
				03A066D51BCC182000CB3F44 /* PBXTargetDependency */,
			);
			name = Upgrade;
			productName = Upgrade;
			productReference = 03D11CF21BCC17F300B9F1B4 /* Upgrade.app */;
			productType = "com.apple.product-type.application";
		};
/* End PBXNativeTarget section */

/* Begin PBXProject section */
		03D11CEA1BCC17F300B9F1B4 /* Project object */ = {
			isa = PBXProject;
			attributes = {
				LastUpgradeCheck = 0700;
				ORGANIZATIONNAME = "Claus Höfele";
				TargetAttributes = {
					03A066B91BCC182000CB3F44 = {
						CreatedOnToolsVersion = 7.0.1;
					};
					03A066C81BCC182000CB3F44 = {
						CreatedOnToolsVersion = 7.0.1;
					};
					03D11CF11BCC17F300B9F1B4 = {
						CreatedOnToolsVersion = 7.0.1;
					};
				};
			};
			buildConfigurationList = 03D11CED1BCC17F300B9F1B4 /* Build configuration list for PBXProject "Upgrade" */;
			compatibilityVersion = "Xcode 3.2";
			developmentRegion = English;
			hasScannedForEncodings = 0;
			knownRegions = (
				en,
				Base,
			);
			mainGroup = 03D11CE91BCC17F300B9F1B4;
			productRefGroup = 03D11CF31BCC17F300B9F1B4 /* Products */;
			projectDirPath = "";
			projectRoot = "";
			targets = (
				03D11CF11BCC17F300B9F1B4 /* Upgrade */,
				03A066B91BCC182000CB3F44 /* Upgrade WatchKit 1 Extension */,
				03A066C81BCC182000CB3F44 /* Upgrade WatchKit 1 App */,
			);
		};
/* End PBXProject section */

/* Begin PBXResourcesBuildPhase section */
		03A066B81BCC182000CB3F44 /* Resources */ = {
			isa = PBXResourcesBuildPhase;
			buildActionMask = 2147483647;
			files = (
				03A066CA1BCC182000CB3F44 /* Upgrade WatchKit 1 App.app in Resources */,
				03A066C51BCC182000CB3F44 /* Assets.xcassets in Resources */,
			);
			runOnlyForDeploymentPostprocessing = 0;
		};
		03A066C71BCC182000CB3F44 /* Resources */ = {
			isa = PBXResourcesBuildPhase;
			buildActionMask = 2147483647;
			files = (
				0316DE631BCC235500A62E9F /* single32suffix.png in Resources */,
				0316DE621BCC235500A62E9F /* single31suffix.png in Resources */,
				0316DE791BCC235500A62E9F /* single52suffix.png in Resources */,
				0316DEA91BCC235500A62E9F /* single96suffix.png in Resources */,
				0316DE741BCC235500A62E9F /* single48suffix.png in Resources */,
				0316DE4E1BCC235500A62E9F /* single13suffix.png in Resources */,
				0316DE671BCC235500A62E9F /* single36suffix.png in Resources */,
				0316DE971BCC235500A62E9F /* single7suffix.png in Resources */,
				0316DE861BCC235500A62E9F /* single64suffix.png in Resources */,
				0316DE911BCC235500A62E9F /* single74suffix.png in Resources */,
				0316DE821BCC235500A62E9F /* single60suffix.png in Resources */,
				0316DE981BCC235500A62E9F /* single80suffix.png in Resources */,
				0316DE731BCC235500A62E9F /* single47suffix.png in Resources */,
				0316DEA11BCC235500A62E9F /* single89suffix.png in Resources */,
				0316DE4F1BCC235500A62E9F /* single14suffix.png in Resources */,
				0316DE661BCC235500A62E9F /* single35suffix.png in Resources */,
				0316DE9C1BCC235500A62E9F /* single84suffix.png in Resources */,
				0316DE961BCC235500A62E9F /* single79suffix.png in Resources */,
				0316DE5F1BCC235500A62E9F /* single29suffix.png in Resources */,
				0316DE711BCC235500A62E9F /* single45suffix.png in Resources */,
				0316DE5A1BCC235500A62E9F /* single24suffix.png in Resources */,
				0316DE6B1BCC235500A62E9F /* single3suffix.png in Resources */,
				03A066D21BCC182000CB3F44 /* Assets.xcassets in Resources */,
				0316DE511BCC235500A62E9F /* single16suffix.png in Resources */,
				0316DEA21BCC235500A62E9F /* single8suffix.png in Resources */,
				0316DE7B1BCC235500A62E9F /* single54suffix.png in Resources */,
				0316DE7E1BCC235500A62E9F /* single57suffix.png in Resources */,
				0316DE551BCC235500A62E9F /* single1suffix.png in Resources */,
				0316DE521BCC235500A62E9F /* single17suffix.png in Resources */,
				0316DE721BCC235500A62E9F /* single46suffix.png in Resources */,
				0316DE9A1BCC235500A62E9F /* single82suffix.png in Resources */,
				0316DEA41BCC235500A62E9F /* single91suffix.png in Resources */,
				0316DE531BCC235500A62E9F /* single18suffix.png in Resources */,
				0316DE7C1BCC235500A62E9F /* single55suffix.png in Resources */,
				0316DE931BCC235500A62E9F /* single76suffix.png in Resources */,
				0316DEA81BCC235500A62E9F /* single95suffix.png in Resources */,
				0316DE5D1BCC235500A62E9F /* single27suffix.png in Resources */,
				0316DE491BCC235500A62E9F /* single0suffix.png in Resources */,
				0316DE581BCC235500A62E9F /* single22suffix.png in Resources */,
				0316DE4B1BCC235500A62E9F /* single10suffix.png in Resources */,
				0316DE7D1BCC235500A62E9F /* single56suffix.png in Resources */,
				0316DEAD1BCC235500A62E9F /* single9suffix.png in Resources */,
				0316DE571BCC235500A62E9F /* single21suffix.png in Resources */,
				0316DE801BCC235500A62E9F /* single59suffix.png in Resources */,
				0316DE951BCC235500A62E9F /* single78suffix.png in Resources */,
				0316DE921BCC235500A62E9F /* single75suffix.png in Resources */,
				0316DE6F1BCC235500A62E9F /* single43suffix.png in Resources */,
				0316DE9D1BCC235500A62E9F /* single85suffix.png in Resources */,
				0316DE901BCC235500A62E9F /* single73suffix.png in Resources */,
				0316DE681BCC235500A62E9F /* single37suffix.png in Resources */,
				0316DE4A1BCC235500A62E9F /* single100suffix.png in Resources */,
				0316DE701BCC235500A62E9F /* single44suffix.png in Resources */,
				0316DE5E1BCC235500A62E9F /* single28suffix.png in Resources */,
				0316DE881BCC235500A62E9F /* single66suffix.png in Resources */,
				0316DE871BCC235500A62E9F /* single65suffix.png in Resources */,
				0316DE641BCC235500A62E9F /* single33suffix.png in Resources */,
				0316DE501BCC235500A62E9F /* single15suffix.png in Resources */,
				0316DE781BCC235500A62E9F /* single51suffix.png in Resources */,
				0316DEA31BCC235500A62E9F /* single90suffix.png in Resources */,
				0316DE5C1BCC235500A62E9F /* single26suffix.png in Resources */,
				0316DE8B1BCC235500A62E9F /* single69suffix.png in Resources */,
				0316DE761BCC235500A62E9F /* single4suffix.png in Resources */,
				0316DE6A1BCC235500A62E9F /* single39suffix.png in Resources */,
				0316DE4C1BCC235500A62E9F /* single11suffix.png in Resources */,
				0316DE4D1BCC235500A62E9F /* single12suffix.png in Resources */,
				0316DE9E1BCC235500A62E9F /* single86suffix.png in Resources */,
				0316DE651BCC235500A62E9F /* single34suffix.png in Resources */,
				0316DE541BCC235500A62E9F /* single19suffix.png in Resources */,
				0316DEA71BCC235500A62E9F /* single94suffix.png in Resources */,
				0316DE851BCC235500A62E9F /* single63suffix.png in Resources */,
				0316DE771BCC235500A62E9F /* single50suffix.png in Resources */,
				0316DE6C1BCC235500A62E9F /* single40suffix.png in Resources */,
				0316DE8E1BCC235500A62E9F /* single71suffix.png in Resources */,
				0316DEAC1BCC235500A62E9F /* single99suffix.png in Resources */,
				0316DE991BCC235500A62E9F /* single81suffix.png in Resources */,
				0316DE9F1BCC235500A62E9F /* single87suffix.png in Resources */,
				0316DE9B1BCC235500A62E9F /* single83suffix.png in Resources */,
				0316DEA61BCC235500A62E9F /* single93suffix.png in Resources */,
				0316DEA01BCC235500A62E9F /* single88suffix.png in Resources */,
				0316DE691BCC235500A62E9F /* single38suffix.png in Resources */,
				0316DE8C1BCC235500A62E9F /* single6suffix.png in Resources */,
				0316DE601BCC235500A62E9F /* single2suffix.png in Resources */,
				0316DE751BCC235500A62E9F /* single49suffix.png in Resources */,
				0316DE591BCC235500A62E9F /* single23suffix.png in Resources */,
				0316DE811BCC235500A62E9F /* single5suffix.png in Resources */,
				0316DE6E1BCC235500A62E9F /* single42suffix.png in Resources */,
				0316DEAA1BCC235500A62E9F /* single97suffix.png in Resources */,
				0316DEAB1BCC235500A62E9F /* single98suffix.png in Resources */,
				0316DE6D1BCC235500A62E9F /* single41suffix.png in Resources */,
				0316DE841BCC235500A62E9F /* single62suffix.png in Resources */,
				0316DE891BCC235500A62E9F /* single67suffix.png in Resources */,
				0316DE561BCC235500A62E9F /* single20suffix.png in Resources */,
				0316DEA51BCC235500A62E9F /* single92suffix.png in Resources */,
				0316DE7A1BCC235500A62E9F /* single53suffix.png in Resources */,
				0316DE8A1BCC235500A62E9F /* single68suffix.png in Resources */,
				0316DE8F1BCC235500A62E9F /* single72suffix.png in Resources */,
				0316DE611BCC235500A62E9F /* single30suffix.png in Resources */,
				03A066D01BCC182000CB3F44 /* Interface.storyboard in Resources */,
				0316DE5B1BCC235500A62E9F /* single25suffix.png in Resources */,
				0316DE8D1BCC235500A62E9F /* single70suffix.png in Resources */,
				0316DE831BCC235500A62E9F /* single61suffix.png in Resources */,
				0316DE941BCC235500A62E9F /* single77suffix.png in Resources */,
				0316DE7F1BCC235500A62E9F /* single58suffix.png in Resources */,
			);
			runOnlyForDeploymentPostprocessing = 0;
		};
		03D11CF01BCC17F300B9F1B4 /* Resources */ = {
			isa = PBXResourcesBuildPhase;
			buildActionMask = 2147483647;
			files = (
				03D11D051BCC17F300B9F1B4 /* LaunchScreen.storyboard in Resources */,
				03D11D021BCC17F300B9F1B4 /* Assets.xcassets in Resources */,
				03D11D001BCC17F300B9F1B4 /* Main.storyboard in Resources */,
			);
			runOnlyForDeploymentPostprocessing = 0;
		};
/* End PBXResourcesBuildPhase section */

/* Begin PBXSourcesBuildPhase section */
		03A066B61BCC182000CB3F44 /* Sources */ = {
			isa = PBXSourcesBuildPhase;
			buildActionMask = 2147483647;
			files = (
				03A066C31BCC182000CB3F44 /* NotificationController.m in Sources */,
				03A066C01BCC182000CB3F44 /* InterfaceController.m in Sources */,
				03A066E01BCC186200CB3F44 /* SecondPageController.m in Sources */,
			);
			runOnlyForDeploymentPostprocessing = 0;
		};
		03D11CEE1BCC17F300B9F1B4 /* Sources */ = {
			isa = PBXSourcesBuildPhase;
			buildActionMask = 2147483647;
			files = (
				03D11CFD1BCC17F300B9F1B4 /* ViewController.m in Sources */,
				03D11CFA1BCC17F300B9F1B4 /* AppDelegate.m in Sources */,
				03D11CF71BCC17F300B9F1B4 /* main.m in Sources */,
			);
			runOnlyForDeploymentPostprocessing = 0;
		};
/* End PBXSourcesBuildPhase section */

/* Begin PBXTargetDependency section */
		03A066CC1BCC182000CB3F44 /* PBXTargetDependency */ = {
			isa = PBXTargetDependency;
			target = 03A066C81BCC182000CB3F44 /* Upgrade WatchKit 1 App */;
			targetProxy = 03A066CB1BCC182000CB3F44 /* PBXContainerItemProxy */;
		};
		03A066D51BCC182000CB3F44 /* PBXTargetDependency */ = {
			isa = PBXTargetDependency;
			target = 03A066B91BCC182000CB3F44 /* Upgrade WatchKit 1 Extension */;
			targetProxy = 03A066D41BCC182000CB3F44 /* PBXContainerItemProxy */;
		};
/* End PBXTargetDependency section */

/* Begin PBXVariantGroup section */
		03A066CE1BCC182000CB3F44 /* Interface.storyboard */ = {
			isa = PBXVariantGroup;
			children = (
				03A066CF1BCC182000CB3F44 /* Base */,
			);
			name = Interface.storyboard;
			sourceTree = "<group>";
		};
		03D11CFE1BCC17F300B9F1B4 /* Main.storyboard */ = {
			isa = PBXVariantGroup;
			children = (
				03D11CFF1BCC17F300B9F1B4 /* Base */,
			);
			name = Main.storyboard;
			sourceTree = "<group>";
		};
		03D11D031BCC17F300B9F1B4 /* LaunchScreen.storyboard */ = {
			isa = PBXVariantGroup;
			children = (
				03D11D041BCC17F300B9F1B4 /* Base */,
			);
			name = LaunchScreen.storyboard;
			sourceTree = "<group>";
		};
/* End PBXVariantGroup section */

/* Begin XCBuildConfiguration section */
		03A066D71BCC182000CB3F44 /* Debug */ = {
			isa = XCBuildConfiguration;
			buildSettings = {
				INFOPLIST_FILE = "Upgrade WatchKit 1 Extension/Info.plist";
				LD_RUNPATH_SEARCH_PATHS = "$(inherited) @executable_path/Frameworks @executable_path/../../Frameworks";
				PRODUCT_BUNDLE_IDENTIFIER = com.example.Upgrade.watchkitextension;
				PRODUCT_NAME = "${TARGET_NAME}";
				SKIP_INSTALL = YES;
			};
			name = Debug;
		};
		03A066D81BCC182000CB3F44 /* Release */ = {
			isa = XCBuildConfiguration;
			buildSettings = {
				INFOPLIST_FILE = "Upgrade WatchKit 1 Extension/Info.plist";
				LD_RUNPATH_SEARCH_PATHS = "$(inherited) @executable_path/Frameworks @executable_path/../../Frameworks";
				PRODUCT_BUNDLE_IDENTIFIER = com.example.Upgrade.watchkitextension;
				PRODUCT_NAME = "${TARGET_NAME}";
				SKIP_INSTALL = YES;
			};
			name = Release;
		};
		03A066D91BCC182000CB3F44 /* Debug */ = {
			isa = XCBuildConfiguration;
			buildSettings = {
				ASSETCATALOG_COMPILER_APPICON_NAME = AppIcon;
				IBSC_MODULE = Upgrade_WatchKit_1_Extension;
				INFOPLIST_FILE = "Upgrade WatchKit 1 App/Info.plist";
				IPHONEOS_DEPLOYMENT_TARGET = 8.2;
				PRODUCT_BUNDLE_IDENTIFIER = com.example.Upgrade.watchkitapp;
				PRODUCT_NAME = "$(TARGET_NAME)";
				SKIP_INSTALL = YES;
				TARGETED_DEVICE_FAMILY = 4;
				"TARGETED_DEVICE_FAMILY[sdk=iphonesimulator*]" = "1,4";
			};
			name = Debug;
		};
		03A066DA1BCC182000CB3F44 /* Release */ = {
			isa = XCBuildConfiguration;
			buildSettings = {
				ASSETCATALOG_COMPILER_APPICON_NAME = AppIcon;
				IBSC_MODULE = Upgrade_WatchKit_1_Extension;
				INFOPLIST_FILE = "Upgrade WatchKit 1 App/Info.plist";
				IPHONEOS_DEPLOYMENT_TARGET = 8.2;
				PRODUCT_BUNDLE_IDENTIFIER = com.example.Upgrade.watchkitapp;
				PRODUCT_NAME = "$(TARGET_NAME)";
				SKIP_INSTALL = YES;
				TARGETED_DEVICE_FAMILY = 4;
				"TARGETED_DEVICE_FAMILY[sdk=iphonesimulator*]" = "1,4";
			};
			name = Release;
		};
		03D11D071BCC17F300B9F1B4 /* Debug */ = {
			isa = XCBuildConfiguration;
			buildSettings = {
				ALWAYS_SEARCH_USER_PATHS = NO;
				CLANG_CXX_LANGUAGE_STANDARD = "gnu++0x";
				CLANG_CXX_LIBRARY = "libc++";
				CLANG_ENABLE_MODULES = YES;
				CLANG_ENABLE_OBJC_ARC = YES;
				CLANG_WARN_BOOL_CONVERSION = YES;
				CLANG_WARN_CONSTANT_CONVERSION = YES;
				CLANG_WARN_DIRECT_OBJC_ISA_USAGE = YES_ERROR;
				CLANG_WARN_EMPTY_BODY = YES;
				CLANG_WARN_ENUM_CONVERSION = YES;
				CLANG_WARN_INT_CONVERSION = YES;
				CLANG_WARN_OBJC_ROOT_CLASS = YES_ERROR;
				CLANG_WARN_UNREACHABLE_CODE = YES;
				CLANG_WARN__DUPLICATE_METHOD_MATCH = YES;
				"CODE_SIGN_IDENTITY[sdk=iphoneos*]" = "iPhone Developer";
				COPY_PHASE_STRIP = NO;
				DEBUG_INFORMATION_FORMAT = dwarf;
				ENABLE_STRICT_OBJC_MSGSEND = YES;
				ENABLE_TESTABILITY = YES;
				GCC_C_LANGUAGE_STANDARD = gnu99;
				GCC_DYNAMIC_NO_PIC = NO;
				GCC_NO_COMMON_BLOCKS = YES;
				GCC_OPTIMIZATION_LEVEL = 0;
				GCC_PREPROCESSOR_DEFINITIONS = (
					"DEBUG=1",
					"$(inherited)",
				);
				GCC_WARN_64_TO_32_BIT_CONVERSION = YES;
				GCC_WARN_ABOUT_RETURN_TYPE = YES_ERROR;
				GCC_WARN_UNDECLARED_SELECTOR = YES;
				GCC_WARN_UNINITIALIZED_AUTOS = YES_AGGRESSIVE;
				GCC_WARN_UNUSED_FUNCTION = YES;
				GCC_WARN_UNUSED_VARIABLE = YES;
				IPHONEOS_DEPLOYMENT_TARGET = 9.0;
				MTL_ENABLE_DEBUG_INFO = YES;
				ONLY_ACTIVE_ARCH = YES;
				SDKROOT = iphoneos;
			};
			name = Debug;
		};
		03D11D081BCC17F300B9F1B4 /* Release */ = {
			isa = XCBuildConfiguration;
			buildSettings = {
				ALWAYS_SEARCH_USER_PATHS = NO;
				CLANG_CXX_LANGUAGE_STANDARD = "gnu++0x";
				CLANG_CXX_LIBRARY = "libc++";
				CLANG_ENABLE_MODULES = YES;
				CLANG_ENABLE_OBJC_ARC = YES;
				CLANG_WARN_BOOL_CONVERSION = YES;
				CLANG_WARN_CONSTANT_CONVERSION = YES;
				CLANG_WARN_DIRECT_OBJC_ISA_USAGE = YES_ERROR;
				CLANG_WARN_EMPTY_BODY = YES;
				CLANG_WARN_ENUM_CONVERSION = YES;
				CLANG_WARN_INT_CONVERSION = YES;
				CLANG_WARN_OBJC_ROOT_CLASS = YES_ERROR;
				CLANG_WARN_UNREACHABLE_CODE = YES;
				CLANG_WARN__DUPLICATE_METHOD_MATCH = YES;
				"CODE_SIGN_IDENTITY[sdk=iphoneos*]" = "iPhone Developer";
				COPY_PHASE_STRIP = NO;
				DEBUG_INFORMATION_FORMAT = "dwarf-with-dsym";
				ENABLE_NS_ASSERTIONS = NO;
				ENABLE_STRICT_OBJC_MSGSEND = YES;
				GCC_C_LANGUAGE_STANDARD = gnu99;
				GCC_NO_COMMON_BLOCKS = YES;
				GCC_WARN_64_TO_32_BIT_CONVERSION = YES;
				GCC_WARN_ABOUT_RETURN_TYPE = YES_ERROR;
				GCC_WARN_UNDECLARED_SELECTOR = YES;
				GCC_WARN_UNINITIALIZED_AUTOS = YES_AGGRESSIVE;
				GCC_WARN_UNUSED_FUNCTION = YES;
				GCC_WARN_UNUSED_VARIABLE = YES;
				IPHONEOS_DEPLOYMENT_TARGET = 9.0;
				MTL_ENABLE_DEBUG_INFO = NO;
				SDKROOT = iphoneos;
				VALIDATE_PRODUCT = YES;
			};
			name = Release;
		};
		03D11D0A1BCC17F300B9F1B4 /* Debug */ = {
			isa = XCBuildConfiguration;
			buildSettings = {
				ASSETCATALOG_COMPILER_APPICON_NAME = AppIcon;
				INFOPLIST_FILE = Upgrade/Info.plist;
				LD_RUNPATH_SEARCH_PATHS = "$(inherited) @executable_path/Frameworks";
				PRODUCT_BUNDLE_IDENTIFIER = com.example.Upgrade;
				PRODUCT_NAME = "$(TARGET_NAME)";
			};
			name = Debug;
		};
		03D11D0B1BCC17F300B9F1B4 /* Release */ = {
			isa = XCBuildConfiguration;
			buildSettings = {
				ASSETCATALOG_COMPILER_APPICON_NAME = AppIcon;
				INFOPLIST_FILE = Upgrade/Info.plist;
				LD_RUNPATH_SEARCH_PATHS = "$(inherited) @executable_path/Frameworks";
				PRODUCT_BUNDLE_IDENTIFIER = com.example.Upgrade;
				PRODUCT_NAME = "$(TARGET_NAME)";
			};
			name = Release;
		};
/* End XCBuildConfiguration section */

/* Begin XCConfigurationList section */
		03A066DB1BCC182000CB3F44 /* Build configuration list for PBXNativeTarget "Upgrade WatchKit 1 App" */ = {
			isa = XCConfigurationList;
			buildConfigurations = (
				03A066D91BCC182000CB3F44 /* Debug */,
				03A066DA1BCC182000CB3F44 /* Release */,
			);
			defaultConfigurationIsVisible = 0;
			defaultConfigurationName = Release;
		};
		03A066DC1BCC182000CB3F44 /* Build configuration list for PBXNativeTarget "Upgrade WatchKit 1 Extension" */ = {
			isa = XCConfigurationList;
			buildConfigurations = (
				03A066D71BCC182000CB3F44 /* Debug */,
				03A066D81BCC182000CB3F44 /* Release */,
			);
			defaultConfigurationIsVisible = 0;
			defaultConfigurationName = Release;
		};
		03D11CED1BCC17F300B9F1B4 /* Build configuration list for PBXProject "Upgrade" */ = {
			isa = XCConfigurationList;
			buildConfigurations = (
				03D11D071BCC17F300B9F1B4 /* Debug */,
				03D11D081BCC17F300B9F1B4 /* Release */,
			);
			defaultConfigurationIsVisible = 0;
			defaultConfigurationName = Release;
		};
		03D11D091BCC17F300B9F1B4 /* Build configuration list for PBXNativeTarget "Upgrade" */ = {
			isa = XCConfigurationList;
			buildConfigurations = (
				03D11D0A1BCC17F300B9F1B4 /* Debug */,
				03D11D0B1BCC17F300B9F1B4 /* Release */,
			);
			defaultConfigurationIsVisible = 0;
			defaultConfigurationName = Release;
		};
/* End XCConfigurationList section */
	};
	rootObject = 03D11CEA1BCC17F300B9F1B4 /* Project object */;
}
